// !$*UTF8*$!
{
	archiveVersion = 1;
	classes = {
	};
	objectVersion = 46;
	objects = {

/* Begin PBXBuildFile section */
		900E8CF214CF31F900A08BBD /* libCNURLShrinky-iOS.a in Frameworks */ = {isa = PBXBuildFile; fileRef = 900E8CF114CF31F900A08BBD /* libCNURLShrinky-iOS.a */; };
		90A2573D14CF13CD00A04E1D /* UIKit.framework in Frameworks */ = {isa = PBXBuildFile; fileRef = 90A2573C14CF13CD00A04E1D /* UIKit.framework */; };
		90A2573F14CF13CD00A04E1D /* Foundation.framework in Frameworks */ = {isa = PBXBuildFile; fileRef = 90A2573E14CF13CD00A04E1D /* Foundation.framework */; };
		90A2574114CF13CD00A04E1D /* CoreGraphics.framework in Frameworks */ = {isa = PBXBuildFile; fileRef = 90A2574014CF13CD00A04E1D /* CoreGraphics.framework */; };
		90A2574714CF13CD00A04E1D /* InfoPlist.strings in Resources */ = {isa = PBXBuildFile; fileRef = 90A2574514CF13CD00A04E1D /* InfoPlist.strings */; };
		90A2574914CF13CD00A04E1D /* main.m in Sources */ = {isa = PBXBuildFile; fileRef = 90A2574814CF13CD00A04E1D /* main.m */; };
		90A2574D14CF13CD00A04E1D /* CNAppDelegate.m in Sources */ = {isa = PBXBuildFile; fileRef = 90A2574C14CF13CD00A04E1D /* CNAppDelegate.m */; };
		90A2575014CF13CD00A04E1D /* CNViewController.m in Sources */ = {isa = PBXBuildFile; fileRef = 90A2574F14CF13CD00A04E1D /* CNViewController.m */; };
		90A2575314CF13CD00A04E1D /* CNViewController_iPhone.xib in Resources */ = {isa = PBXBuildFile; fileRef = 90A2575114CF13CD00A04E1D /* CNViewController_iPhone.xib */; };
		90A2575614CF13CD00A04E1D /* CNViewController_iPad.xib in Resources */ = {isa = PBXBuildFile; fileRef = 90A2575414CF13CD00A04E1D /* CNViewController_iPad.xib */; };
/* End PBXBuildFile section */

/* Begin PBXFileReference section */
		900E8CF114CF31F900A08BBD /* libCNURLShrinky-iOS.a */ = {isa = PBXFileReference; lastKnownFileType = file; name = "libCNURLShrinky-iOS.a"; path = "../../CNURLShrinky-iOS/build/Release-iphoneos/libCNURLShrinky-iOS.a"; sourceTree = "<group>"; };
		90A2573814CF13CD00A04E1D /* iOS-Demo.app */ = {isa = PBXFileReference; explicitFileType = wrapper.application; includeInIndex = 0; path = "iOS-Demo.app"; sourceTree = BUILT_PRODUCTS_DIR; };
		90A2573C14CF13CD00A04E1D /* UIKit.framework */ = {isa = PBXFileReference; lastKnownFileType = wrapper.framework; name = UIKit.framework; path = System/Library/Frameworks/UIKit.framework; sourceTree = SDKROOT; };
		90A2573E14CF13CD00A04E1D /* Foundation.framework */ = {isa = PBXFileReference; lastKnownFileType = wrapper.framework; name = Foundation.framework; path = System/Library/Frameworks/Foundation.framework; sourceTree = SDKROOT; };
		90A2574014CF13CD00A04E1D /* CoreGraphics.framework */ = {isa = PBXFileReference; lastKnownFileType = wrapper.framework; name = CoreGraphics.framework; path = System/Library/Frameworks/CoreGraphics.framework; sourceTree = SDKROOT; };
		90A2574414CF13CD00A04E1D /* iOS-Demo-Info.plist */ = {isa = PBXFileReference; lastKnownFileType = text.plist.xml; path = "iOS-Demo-Info.plist"; sourceTree = "<group>"; };
		90A2574614CF13CD00A04E1D /* en */ = {isa = PBXFileReference; lastKnownFileType = text.plist.strings; name = en; path = en.lproj/InfoPlist.strings; sourceTree = "<group>"; };
		90A2574814CF13CD00A04E1D /* main.m */ = {isa = PBXFileReference; lastKnownFileType = sourcecode.c.objc; path = main.m; sourceTree = "<group>"; };
		90A2574A14CF13CD00A04E1D /* iOS-Demo-Prefix.pch */ = {isa = PBXFileReference; lastKnownFileType = sourcecode.c.h; path = "iOS-Demo-Prefix.pch"; sourceTree = "<group>"; };
		90A2574B14CF13CD00A04E1D /* CNAppDelegate.h */ = {isa = PBXFileReference; lastKnownFileType = sourcecode.c.h; path = CNAppDelegate.h; sourceTree = "<group>"; };
		90A2574C14CF13CD00A04E1D /* CNAppDelegate.m */ = {isa = PBXFileReference; lastKnownFileType = sourcecode.c.objc; path = CNAppDelegate.m; sourceTree = "<group>"; };
		90A2574E14CF13CD00A04E1D /* CNViewController.h */ = {isa = PBXFileReference; lastKnownFileType = sourcecode.c.h; path = CNViewController.h; sourceTree = "<group>"; };
		90A2574F14CF13CD00A04E1D /* CNViewController.m */ = {isa = PBXFileReference; lastKnownFileType = sourcecode.c.objc; path = CNViewController.m; sourceTree = "<group>"; };
		90A2575214CF13CD00A04E1D /* en */ = {isa = PBXFileReference; lastKnownFileType = file.xib; name = en; path = en.lproj/CNViewController_iPhone.xib; sourceTree = "<group>"; };
		90A2575514CF13CD00A04E1D /* en */ = {isa = PBXFileReference; lastKnownFileType = file.xib; name = en; path = en.lproj/CNViewController_iPad.xib; sourceTree = "<group>"; };
/* End PBXFileReference section */

/* Begin PBXFrameworksBuildPhase section */
		90A2573514CF13CD00A04E1D /* Frameworks */ = {
			isa = PBXFrameworksBuildPhase;
			buildActionMask = 2147483647;
			files = (
				900E8CF214CF31F900A08BBD /* libCNURLShrinky-iOS.a in Frameworks */,
				90A2573D14CF13CD00A04E1D /* UIKit.framework in Frameworks */,
				90A2573F14CF13CD00A04E1D /* Foundation.framework in Frameworks */,
				90A2574114CF13CD00A04E1D /* CoreGraphics.framework in Frameworks */,
			);
			runOnlyForDeploymentPostprocessing = 0;
		};
/* End PBXFrameworksBuildPhase section */

/* Begin PBXGroup section */
		90A2572D14CF13CD00A04E1D = {
			isa = PBXGroup;
			children = (
				900E8CF114CF31F900A08BBD /* libCNURLShrinky-iOS.a */,
				90A2574214CF13CD00A04E1D /* iOS-Demo */,
				90A2573B14CF13CD00A04E1D /* Frameworks */,
				90A2573914CF13CD00A04E1D /* Products */,
			);
			sourceTree = "<group>";
		};
		90A2573914CF13CD00A04E1D /* Products */ = {
			isa = PBXGroup;
			children = (
				90A2573814CF13CD00A04E1D /* iOS-Demo.app */,
			);
			name = Products;
			sourceTree = "<group>";
		};
		90A2573B14CF13CD00A04E1D /* Frameworks */ = {
			isa = PBXGroup;
			children = (
				90A2573C14CF13CD00A04E1D /* UIKit.framework */,
				90A2573E14CF13CD00A04E1D /* Foundation.framework */,
				90A2574014CF13CD00A04E1D /* CoreGraphics.framework */,
			);
			name = Frameworks;
			sourceTree = "<group>";
		};
		90A2574214CF13CD00A04E1D /* iOS-Demo */ = {
			isa = PBXGroup;
			children = (
				90A2574B14CF13CD00A04E1D /* CNAppDelegate.h */,
				90A2574C14CF13CD00A04E1D /* CNAppDelegate.m */,
				90A2574E14CF13CD00A04E1D /* CNViewController.h */,
				90A2574F14CF13CD00A04E1D /* CNViewController.m */,
				90A2575114CF13CD00A04E1D /* CNViewController_iPhone.xib */,
				90A2575414CF13CD00A04E1D /* CNViewController_iPad.xib */,
				90A2574314CF13CD00A04E1D /* Supporting Files */,
			);
			path = "iOS-Demo";
			sourceTree = "<group>";
		};
		90A2574314CF13CD00A04E1D /* Supporting Files */ = {
			isa = PBXGroup;
			children = (
				90A2574414CF13CD00A04E1D /* iOS-Demo-Info.plist */,
				90A2574514CF13CD00A04E1D /* InfoPlist.strings */,
				90A2574814CF13CD00A04E1D /* main.m */,
				90A2574A14CF13CD00A04E1D /* iOS-Demo-Prefix.pch */,
			);
			name = "Supporting Files";
			sourceTree = "<group>";
		};
/* End PBXGroup section */

/* Begin PBXNativeTarget section */
		90A2573714CF13CD00A04E1D /* iOS-Demo */ = {
			isa = PBXNativeTarget;
			buildConfigurationList = 90A2575914CF13CD00A04E1D /* Build configuration list for PBXNativeTarget "iOS-Demo" */;
			buildPhases = (
				90A2573414CF13CD00A04E1D /* Sources */,
				90A2573514CF13CD00A04E1D /* Frameworks */,
				90A2573614CF13CD00A04E1D /* Resources */,
			);
			buildRules = (
			);
			dependencies = (
			);
			name = "iOS-Demo";
			productName = "iOS-Demo";
			productReference = 90A2573814CF13CD00A04E1D /* iOS-Demo.app */;
			productType = "com.apple.product-type.application";
		};
/* End PBXNativeTarget section */

/* Begin PBXProject section */
		90A2572F14CF13CD00A04E1D /* Project object */ = {
			isa = PBXProject;
			attributes = {
				LastUpgradeCheck = 0420;
			};
			buildConfigurationList = 90A2573214CF13CD00A04E1D /* Build configuration list for PBXProject "iOS-Demo" */;
			compatibilityVersion = "Xcode 3.2";
			developmentRegion = English;
			hasScannedForEncodings = 0;
			knownRegions = (
				en,
			);
			mainGroup = 90A2572D14CF13CD00A04E1D;
			productRefGroup = 90A2573914CF13CD00A04E1D /* Products */;
			projectDirPath = "";
			projectRoot = "";
			targets = (
				90A2573714CF13CD00A04E1D /* iOS-Demo */,
			);
		};
/* End PBXProject section */

/* Begin PBXResourcesBuildPhase section */
		90A2573614CF13CD00A04E1D /* Resources */ = {
			isa = PBXResourcesBuildPhase;
			buildActionMask = 2147483647;
			files = (
				90A2574714CF13CD00A04E1D /* InfoPlist.strings in Resources */,
				90A2575314CF13CD00A04E1D /* CNViewController_iPhone.xib in Resources */,
				90A2575614CF13CD00A04E1D /* CNViewController_iPad.xib in Resources */,
			);
			runOnlyForDeploymentPostprocessing = 0;
		};
/* End PBXResourcesBuildPhase section */

/* Begin PBXSourcesBuildPhase section */
		90A2573414CF13CD00A04E1D /* Sources */ = {
			isa = PBXSourcesBuildPhase;
			buildActionMask = 2147483647;
			files = (
				90A2574914CF13CD00A04E1D /* main.m in Sources */,
				90A2574D14CF13CD00A04E1D /* CNAppDelegate.m in Sources */,
				90A2575014CF13CD00A04E1D /* CNViewController.m in Sources */,
			);
			runOnlyForDeploymentPostprocessing = 0;
		};
/* End PBXSourcesBuildPhase section */

/* Begin PBXVariantGroup section */
		90A2574514CF13CD00A04E1D /* InfoPlist.strings */ = {
			isa = PBXVariantGroup;
			children = (
				90A2574614CF13CD00A04E1D /* en */,
			);
			name = InfoPlist.strings;
			sourceTree = "<group>";
		};
		90A2575114CF13CD00A04E1D /* CNViewController_iPhone.xib */ = {
			isa = PBXVariantGroup;
			children = (
				90A2575214CF13CD00A04E1D /* en */,
			);
			name = CNViewController_iPhone.xib;
			sourceTree = "<group>";
		};
		90A2575414CF13CD00A04E1D /* CNViewController_iPad.xib */ = {
			isa = PBXVariantGroup;
			children = (
				90A2575514CF13CD00A04E1D /* en */,
			);
			name = CNViewController_iPad.xib;
			sourceTree = "<group>";
		};
/* End PBXVariantGroup section */

/* Begin XCBuildConfiguration section */
		90A2575714CF13CD00A04E1D /* Debug */ = {
			isa = XCBuildConfiguration;
			buildSettings = {
				ALWAYS_SEARCH_USER_PATHS = NO;
				ARCHS = "$(ARCHS_STANDARD_32_BIT)";
				CLANG_ENABLE_OBJC_ARC = YES;
				"CODE_SIGN_IDENTITY[sdk=iphoneos*]" = "iPhone Developer";
				COPY_PHASE_STRIP = NO;
				GCC_C_LANGUAGE_STANDARD = gnu99;
				GCC_DYNAMIC_NO_PIC = NO;
				GCC_OPTIMIZATION_LEVEL = 0;
				GCC_PREPROCESSOR_DEFINITIONS = (
					"DEBUG=1",
					"$(inherited)",
				);
				GCC_SYMBOLS_PRIVATE_EXTERN = NO;
				GCC_VERSION = com.apple.compilers.llvm.clang.1_0;
				GCC_WARN_ABOUT_MISSING_PROTOTYPES = YES;
				GCC_WARN_ABOUT_RETURN_TYPE = YES;
				GCC_WARN_UNUSED_VARIABLE = YES;
				IPHONEOS_DEPLOYMENT_TARGET = 5.0;
				SDKROOT = iphoneos;
				TARGETED_DEVICE_FAMILY = "1,2";
			};
			name = Debug;
		};
		90A2575814CF13CD00A04E1D /* Release */ = {
			isa = XCBuildConfiguration;
			buildSettings = {
				ALWAYS_SEARCH_USER_PATHS = NO;
				ARCHS = "$(ARCHS_STANDARD_32_BIT)";
				CLANG_ENABLE_OBJC_ARC = YES;
				"CODE_SIGN_IDENTITY[sdk=iphoneos*]" = "iPhone Developer";
				COPY_PHASE_STRIP = YES;
				GCC_C_LANGUAGE_STANDARD = gnu99;
				GCC_VERSION = com.apple.compilers.llvm.clang.1_0;
				GCC_WARN_ABOUT_MISSING_PROTOTYPES = YES;
				GCC_WARN_ABOUT_RETURN_TYPE = YES;
				GCC_WARN_UNUSED_VARIABLE = YES;
				IPHONEOS_DEPLOYMENT_TARGET = 5.0;
				OTHER_CFLAGS = "-DNS_BLOCK_ASSERTIONS=1";
				SDKROOT = iphoneos;
				TARGETED_DEVICE_FAMILY = "1,2";
				VALIDATE_PRODUCT = YES;
			};
			name = Release;
		};
		90A2575A14CF13CD00A04E1D /* Debug */ = {
			isa = XCBuildConfiguration;
			buildSettings = {
				GCC_PRECOMPILE_PREFIX_HEADER = YES;
				GCC_PREFIX_HEADER = "iOS-Demo/iOS-Demo-Prefix.pch";
				INFOPLIST_FILE = "iOS-Demo/iOS-Demo-Info.plist";
				IPHONEOS_DEPLOYMENT_TARGET = 4.0;
				LIBRARY_SEARCH_PATHS = "";
				OTHER_LDFLAGS = "";
				PRODUCT_NAME = "$(TARGET_NAME)";
				USER_HEADER_SEARCH_PATHS = "";
				WRAPPER_EXTENSION = app;
			};
			name = Debug;
		};
		90A2575B14CF13CD00A04E1D /* Release */ = {
			isa = XCBuildConfiguration;
			buildSettings = {
				GCC_PRECOMPILE_PREFIX_HEADER = YES;
				GCC_PREFIX_HEADER = "iOS-Demo/iOS-Demo-Prefix.pch";
				INFOPLIST_FILE = "iOS-Demo/iOS-Demo-Info.plist";
				IPHONEOS_DEPLOYMENT_TARGET = 4.0;
				LIBRARY_SEARCH_PATHS = "";
				OTHER_LDFLAGS = "";
				PRODUCT_NAME = "$(TARGET_NAME)";
				USER_HEADER_SEARCH_PATHS = "";
				WRAPPER_EXTENSION = app;
			};
			name = Release;
		};
/* End XCBuildConfiguration section */

/* Begin XCConfigurationList section */
		90A2573214CF13CD00A04E1D /* Build configuration list for PBXProject "iOS-Demo" */ = {
			isa = XCConfigurationList;
			buildConfigurations = (
				90A2575714CF13CD00A04E1D /* Debug */,
				90A2575814CF13CD00A04E1D /* Release */,
			);
			defaultConfigurationIsVisible = 0;
			defaultConfigurationName = Release;
		};
		90A2575914CF13CD00A04E1D /* Build configuration list for PBXNativeTarget "iOS-Demo" */ = {
			isa = XCConfigurationList;
			buildConfigurations = (
				90A2575A14CF13CD00A04E1D /* Debug */,
				90A2575B14CF13CD00A04E1D /* Release */,
			);
			defaultConfigurationIsVisible = 0;
			defaultConfigurationName = Release;
		};
/* End XCConfigurationList section */
	};
	rootObject = 90A2572F14CF13CD00A04E1D /* Project object */;
}
