// !$*UTF8*$!
{
	archiveVersion = 1;
	classes = {
	};
	objectVersion = 46;
	objects = {

/* Begin PBXBuildFile section */
		905FB6FC14CB21FA00A3CCBF /* Foundation.framework in Frameworks */ = {isa = PBXBuildFile; fileRef = 905FB6FB14CB21FA00A3CCBF /* Foundation.framework */; };
		905FB70914CB21FA00A3CCBF /* SenTestingKit.framework in Frameworks */ = {isa = PBXBuildFile; fileRef = 905FB6D914CB213500A3CCBF /* SenTestingKit.framework */; };
		905FB70B14CB21FA00A3CCBF /* UIKit.framework in Frameworks */ = {isa = PBXBuildFile; fileRef = 905FB70A14CB21FA00A3CCBF /* UIKit.framework */; };
		905FB70C14CB21FA00A3CCBF /* Foundation.framework in Frameworks */ = {isa = PBXBuildFile; fileRef = 905FB6FB14CB21FA00A3CCBF /* Foundation.framework */; };
		905FB70F14CB21FA00A3CCBF /* libCNURLShrinky-iOS.a in Frameworks */ = {isa = PBXBuildFile; fileRef = 905FB6FA14CB21FA00A3CCBF /* libCNURLShrinky-iOS.a */; };
		905FB71514CB21FA00A3CCBF /* InfoPlist.strings in Resources */ = {isa = PBXBuildFile; fileRef = 905FB71314CB21FA00A3CCBF /* InfoPlist.strings */; };
		905FB71814CB21FA00A3CCBF /* CNURLShrinky_iOSTests.m in Sources */ = {isa = PBXBuildFile; fileRef = 905FB71714CB21FA00A3CCBF /* CNURLShrinky_iOSTests.m */; };
		905FB7E814CB284900A3CCBF /* CNURLShrinky_iOS.m in Sources */ = {isa = PBXBuildFile; fileRef = 905FB70114CB21FA00A3CCBF /* CNURLShrinky_iOS.m */; };
		905FB7E914CB284B00A3CCBF /* CNURLShrinky_iOS.h in Headers */ = {isa = PBXBuildFile; fileRef = 905FB70014CB21FA00A3CCBF /* CNURLShrinky_iOS.h */; settings = {ATTRIBUTES = (Public, ); }; };
		905FB83914CC73CE00A3CCBF /* Cocoa.framework in Frameworks */ = {isa = PBXBuildFile; fileRef = 905FB6C714CB213500A3CCBF /* Cocoa.framework */; };
		905FB84314CC73CE00A3CCBF /* CNURLShrinky.m in Sources */ = {isa = PBXBuildFile; fileRef = 905FB84214CC73CE00A3CCBF /* CNURLShrinky.m */; };
		905FB84A14CC73CE00A3CCBF /* SenTestingKit.framework in Frameworks */ = {isa = PBXBuildFile; fileRef = 905FB6D914CB213500A3CCBF /* SenTestingKit.framework */; };
		905FB84B14CC73CE00A3CCBF /* Cocoa.framework in Frameworks */ = {isa = PBXBuildFile; fileRef = 905FB6C714CB213500A3CCBF /* Cocoa.framework */; };
		905FB84E14CC73CE00A3CCBF /* CNURLShrinky.framework in Frameworks */ = {isa = PBXBuildFile; fileRef = 905FB83814CC73CE00A3CCBF /* CNURLShrinky.framework */; };
		905FB85414CC73CE00A3CCBF /* InfoPlist.strings in Resources */ = {isa = PBXBuildFile; fileRef = 905FB85214CC73CE00A3CCBF /* InfoPlist.strings */; };
		905FB85714CC73CE00A3CCBF /* CNURLShrinkyTests.m in Sources */ = {isa = PBXBuildFile; fileRef = 905FB85614CC73CE00A3CCBF /* CNURLShrinkyTests.m */; };
		905FB8D414CC74BB00A3CCBF /* CNURLShrinky.h in Headers */ = {isa = PBXBuildFile; fileRef = 905FB84114CC73CE00A3CCBF /* CNURLShrinky.h */; settings = {ATTRIBUTES = (Public, ); }; };
		905FB8E114CC7B4000A3CCBF /* CNURLShrinkController.h in Headers */ = {isa = PBXBuildFile; fileRef = 905FB8DF14CC7B4000A3CCBF /* CNURLShrinkController.h */; settings = {ATTRIBUTES = (Public, ); }; };
		905FB8E214CC7B4000A3CCBF /* CNURLShrinkController.h in Headers */ = {isa = PBXBuildFile; fileRef = 905FB8DF14CC7B4000A3CCBF /* CNURLShrinkController.h */; settings = {ATTRIBUTES = (Public, ); }; };
		905FB8E314CC7B4000A3CCBF /* CNURLShrinkController.m in Sources */ = {isa = PBXBuildFile; fileRef = 905FB8E014CC7B4000A3CCBF /* CNURLShrinkController.m */; };
		905FB8E414CC7B4000A3CCBF /* CNURLShrinkController.m in Sources */ = {isa = PBXBuildFile; fileRef = 905FB8E014CC7B4000A3CCBF /* CNURLShrinkController.m */; };
		905FB8E814CC7C9100A3CCBF /* InfoPlist.strings in Resources */ = {isa = PBXBuildFile; fileRef = 905FB8E614CC7C9100A3CCBF /* InfoPlist.strings */; };
		905FB8ED14CC7D1A00A3CCBF /* CNURLShrinky-Prefix.pch in Headers */ = {isa = PBXBuildFile; fileRef = 905FB8EC14CC7D1A00A3CCBF /* CNURLShrinky-Prefix.pch */; };
		905FB8EF14CC7D6C00A3CCBF /* CNURLShrinkyGlobal.h in Headers */ = {isa = PBXBuildFile; fileRef = 905FB8EE14CC7D6C00A3CCBF /* CNURLShrinkyGlobal.h */; };
		905FB8F014CC7D6C00A3CCBF /* CNURLShrinkyGlobal.h in Headers */ = {isa = PBXBuildFile; fileRef = 905FB8EE14CC7D6C00A3CCBF /* CNURLShrinkyGlobal.h */; };
		905FB8F314CC7E7300A3CCBF /* CNURLShrinker.h in Headers */ = {isa = PBXBuildFile; fileRef = 905FB8F114CC7E7200A3CCBF /* CNURLShrinker.h */; settings = {ATTRIBUTES = (Public, ); }; };
		905FB8F414CC7E7300A3CCBF /* CNURLShrinker.h in Headers */ = {isa = PBXBuildFile; fileRef = 905FB8F114CC7E7200A3CCBF /* CNURLShrinker.h */; settings = {ATTRIBUTES = (Public, ); }; };
		905FB8F514CC7E7300A3CCBF /* CNURLShrinker.m in Sources */ = {isa = PBXBuildFile; fileRef = 905FB8F214CC7E7200A3CCBF /* CNURLShrinker.m */; };
		905FB8F614CC7E7300A3CCBF /* CNURLShrinker.m in Sources */ = {isa = PBXBuildFile; fileRef = 905FB8F214CC7E7200A3CCBF /* CNURLShrinker.m */; };
		905FB8F714CC7E7300A3CCBF /* CNURLShrinker.m in Sources */ = {isa = PBXBuildFile; fileRef = 905FB8F214CC7E7200A3CCBF /* CNURLShrinker.m */; };
		905FB8F814CC7E7300A3CCBF /* CNURLShrinker.m in Sources */ = {isa = PBXBuildFile; fileRef = 905FB8F214CC7E7200A3CCBF /* CNURLShrinker.m */; };
		905FB8FE14CC825E00A3CCBF /* CHANGELOG.md in Resources */ = {isa = PBXBuildFile; fileRef = 905FB8FA14CC825E00A3CCBF /* CHANGELOG.md */; };
		905FB90014CC825E00A3CCBF /* CHANGELOG.md in Resources */ = {isa = PBXBuildFile; fileRef = 905FB8FA14CC825E00A3CCBF /* CHANGELOG.md */; };
		905FB90114CC825E00A3CCBF /* JSONKit.h in Headers */ = {isa = PBXBuildFile; fileRef = 905FB8FB14CC825E00A3CCBF /* JSONKit.h */; };
		905FB90214CC825E00A3CCBF /* JSONKit.h in Headers */ = {isa = PBXBuildFile; fileRef = 905FB8FB14CC825E00A3CCBF /* JSONKit.h */; };
		905FB90314CC825E00A3CCBF /* JSONKit.m in Sources */ = {isa = PBXBuildFile; fileRef = 905FB8FC14CC825E00A3CCBF /* JSONKit.m */; settings = {COMPILER_FLAGS = "-fno-objc-arc"; }; };
		905FB90414CC825E00A3CCBF /* JSONKit.m in Sources */ = {isa = PBXBuildFile; fileRef = 905FB8FC14CC825E00A3CCBF /* JSONKit.m */; };
		905FB90514CC825E00A3CCBF /* JSONKit.m in Sources */ = {isa = PBXBuildFile; fileRef = 905FB8FC14CC825E00A3CCBF /* JSONKit.m */; settings = {COMPILER_FLAGS = "-fno-objc-arc"; }; };
		905FB90614CC825E00A3CCBF /* JSONKit.m in Sources */ = {isa = PBXBuildFile; fileRef = 905FB8FC14CC825E00A3CCBF /* JSONKit.m */; };
		905FB90714CC825E00A3CCBF /* README.md in Resources */ = {isa = PBXBuildFile; fileRef = 905FB8FD14CC825E00A3CCBF /* README.md */; };
		905FB90914CC825E00A3CCBF /* README.md in Resources */ = {isa = PBXBuildFile; fileRef = 905FB8FD14CC825E00A3CCBF /* README.md */; };
		905FB90D14CC847A00A3CCBF /* GDataXMLNode.h in Headers */ = {isa = PBXBuildFile; fileRef = 905FB90B14CC847A00A3CCBF /* GDataXMLNode.h */; };
		905FB90E14CC847A00A3CCBF /* GDataXMLNode.h in Headers */ = {isa = PBXBuildFile; fileRef = 905FB90B14CC847A00A3CCBF /* GDataXMLNode.h */; };
		905FB90F14CC847A00A3CCBF /* GDataXMLNode.m in Sources */ = {isa = PBXBuildFile; fileRef = 905FB90C14CC847A00A3CCBF /* GDataXMLNode.m */; settings = {COMPILER_FLAGS = "-fno-objc-arc"; }; };
		905FB91014CC847A00A3CCBF /* GDataXMLNode.m in Sources */ = {isa = PBXBuildFile; fileRef = 905FB90C14CC847A00A3CCBF /* GDataXMLNode.m */; };
		905FB91114CC847A00A3CCBF /* GDataXMLNode.m in Sources */ = {isa = PBXBuildFile; fileRef = 905FB90C14CC847A00A3CCBF /* GDataXMLNode.m */; settings = {COMPILER_FLAGS = "-fno-objc-arc"; }; };
		905FB91214CC847A00A3CCBF /* GDataXMLNode.m in Sources */ = {isa = PBXBuildFile; fileRef = 905FB90C14CC847A00A3CCBF /* GDataXMLNode.m */; };
		90A2564A14CF041C00A04E1D /* CNShinkerData.h in Headers */ = {isa = PBXBuildFile; fileRef = 90A2564814CF041C00A04E1D /* CNShinkerData.h */; };
		90A2564B14CF041C00A04E1D /* CNShinkerData.h in Headers */ = {isa = PBXBuildFile; fileRef = 90A2564814CF041C00A04E1D /* CNShinkerData.h */; };
		90A2564C14CF041C00A04E1D /* CNShinkerData.m in Sources */ = {isa = PBXBuildFile; fileRef = 90A2564914CF041C00A04E1D /* CNShinkerData.m */; };
		90A2564D14CF041C00A04E1D /* CNShinkerData.m in Sources */ = {isa = PBXBuildFile; fileRef = 90A2564914CF041C00A04E1D /* CNShinkerData.m */; };
		90A2564E14CF041C00A04E1D /* CNShinkerData.m in Sources */ = {isa = PBXBuildFile; fileRef = 90A2564914CF041C00A04E1D /* CNShinkerData.m */; };
		90A2564F14CF041C00A04E1D /* CNShinkerData.m in Sources */ = {isa = PBXBuildFile; fileRef = 90A2564914CF041C00A04E1D /* CNShinkerData.m */; };
		90A2565214CF062000A04E1D /* _template.plist in Resources */ = {isa = PBXBuildFile; fileRef = 90A2565114CF062000A04E1D /* _template.plist */; };
		90A2565314CF062000A04E1D /* _template.plist in Resources */ = {isa = PBXBuildFile; fileRef = 90A2565114CF062000A04E1D /* _template.plist */; };
		90A2565414CF062000A04E1D /* _template.plist in Resources */ = {isa = PBXBuildFile; fileRef = 90A2565114CF062000A04E1D /* _template.plist */; };
		90A2565714CF08D600A04E1D /* isgd.plist in Resources */ = {isa = PBXBuildFile; fileRef = 90A2565514CF08D600A04E1D /* isgd.plist */; };
		90A2565814CF08D600A04E1D /* isgd.plist in Resources */ = {isa = PBXBuildFile; fileRef = 90A2565514CF08D600A04E1D /* isgd.plist */; };
		90A2565914CF08D600A04E1D /* isgd.plist in Resources */ = {isa = PBXBuildFile; fileRef = 90A2565514CF08D600A04E1D /* isgd.plist */; };
		90A2565A14CF08D600A04E1D /* tinyurl.plist in Resources */ = {isa = PBXBuildFile; fileRef = 90A2565614CF08D600A04E1D /* tinyurl.plist */; };
		90A2565B14CF08D600A04E1D /* tinyurl.plist in Resources */ = {isa = PBXBuildFile; fileRef = 90A2565614CF08D600A04E1D /* tinyurl.plist */; };
		90A2565C14CF08D600A04E1D /* tinyurl.plist in Resources */ = {isa = PBXBuildFile; fileRef = 90A2565614CF08D600A04E1D /* tinyurl.plist */; };
/* End PBXBuildFile section */

/* Begin PBXContainerItemProxy section */
		905FB70D14CB21FA00A3CCBF /* PBXContainerItemProxy */ = {
			isa = PBXContainerItemProxy;
			containerPortal = 905FB6BB14CB213400A3CCBF /* Project object */;
			proxyType = 1;
			remoteGlobalIDString = 905FB6F914CB21FA00A3CCBF;
			remoteInfo = "CNURLShrinky-iOS";
		};
		905FB84C14CC73CE00A3CCBF /* PBXContainerItemProxy */ = {
			isa = PBXContainerItemProxy;
			containerPortal = 905FB6BB14CB213400A3CCBF /* Project object */;
			proxyType = 1;
			remoteGlobalIDString = 905FB83714CC73CE00A3CCBF;
			remoteInfo = CNURLShrinky;
		};
		905FB8C314CC749200A3CCBF /* PBXContainerItemProxy */ = {
			isa = PBXContainerItemProxy;
			containerPortal = 905FB86214CC749200A3CCBF /* MKNetworkKit-iOS-Demo.xcodeproj */;
			proxyType = 2;
			remoteGlobalIDString = AB74B0BD1467CC120088BF09;
			remoteInfo = "MKNetworkKit-iOS-Demo";
		};
		905FB8C614CC749200A3CCBF /* PBXContainerItemProxy */ = {
			isa = PBXContainerItemProxy;
			containerPortal = 905FB8A514CC749200A3CCBF /* MKNetworkKit-iOS.xcodeproj */;
			proxyType = 2;
			remoteGlobalIDString = ABB5C25C148B3AE00056D3E9;
			remoteInfo = "MKNetworkKit-iOS";
		};
		905FB8C914CC749200A3CCBF /* PBXContainerItemProxy */ = {
			isa = PBXContainerItemProxy;
			containerPortal = 905FB88914CC749200A3CCBF /* MKNetworkKit-OSX-Demo.xcodeproj */;
			proxyType = 2;
			remoteGlobalIDString = ABA53C0C148F0D6A00809400;
			remoteInfo = "MKNetworkKit-OSX-Demo";
		};
		905FB8CC14CC749200A3CCBF /* PBXContainerItemProxy */ = {
			isa = PBXContainerItemProxy;
			containerPortal = 905FB8AB14CC749200A3CCBF /* MKNetworkKit-OSX.xcodeproj */;
			proxyType = 2;
			remoteGlobalIDString = ABB5C277148B3B010056D3E9;
			remoteInfo = "MKNetworkKit-OSX";
		};
		905FB8CE14CC749D00A3CCBF /* PBXContainerItemProxy */ = {
			isa = PBXContainerItemProxy;
			containerPortal = 905FB8AB14CC749200A3CCBF /* MKNetworkKit-OSX.xcodeproj */;
			proxyType = 1;
			remoteGlobalIDString = ABB5C276148B3B010056D3E9;
			remoteInfo = "MKNetworkKit-OSX";
		};
		905FB8D214CC74AC00A3CCBF /* PBXContainerItemProxy */ = {
			isa = PBXContainerItemProxy;
			containerPortal = 905FB8A514CC749200A3CCBF /* MKNetworkKit-iOS.xcodeproj */;
			proxyType = 1;
			remoteGlobalIDString = ABB5C25B148B3AE00056D3E9;
			remoteInfo = "MKNetworkKit-iOS";
		};
/* End PBXContainerItemProxy section */

/* Begin PBXFileReference section */
		905FB6C714CB213500A3CCBF /* Cocoa.framework */ = {isa = PBXFileReference; lastKnownFileType = wrapper.framework; name = Cocoa.framework; path = System/Library/Frameworks/Cocoa.framework; sourceTree = SDKROOT; };
		905FB6CA14CB213500A3CCBF /* AppKit.framework */ = {isa = PBXFileReference; lastKnownFileType = wrapper.framework; name = AppKit.framework; path = System/Library/Frameworks/AppKit.framework; sourceTree = SDKROOT; };
		905FB6CB14CB213500A3CCBF /* CoreData.framework */ = {isa = PBXFileReference; lastKnownFileType = wrapper.framework; name = CoreData.framework; path = System/Library/Frameworks/CoreData.framework; sourceTree = SDKROOT; };
		905FB6CC14CB213500A3CCBF /* Foundation.framework */ = {isa = PBXFileReference; lastKnownFileType = wrapper.framework; name = Foundation.framework; path = System/Library/Frameworks/Foundation.framework; sourceTree = SDKROOT; };
		905FB6D914CB213500A3CCBF /* SenTestingKit.framework */ = {isa = PBXFileReference; lastKnownFileType = wrapper.framework; name = SenTestingKit.framework; path = Library/Frameworks/SenTestingKit.framework; sourceTree = DEVELOPER_DIR; };
		905FB6FA14CB21FA00A3CCBF /* libCNURLShrinky-iOS.a */ = {isa = PBXFileReference; explicitFileType = archive.ar; includeInIndex = 0; path = "libCNURLShrinky-iOS.a"; sourceTree = BUILT_PRODUCTS_DIR; };
		905FB6FB14CB21FA00A3CCBF /* Foundation.framework */ = {isa = PBXFileReference; lastKnownFileType = wrapper.framework; name = Foundation.framework; path = System/Library/Frameworks/Foundation.framework; sourceTree = SDKROOT; };
		905FB6FF14CB21FA00A3CCBF /* CNURLShrinky-iOS-Prefix.pch */ = {isa = PBXFileReference; lastKnownFileType = sourcecode.c.h; path = "CNURLShrinky-iOS-Prefix.pch"; sourceTree = "<group>"; };
		905FB70014CB21FA00A3CCBF /* CNURLShrinky_iOS.h */ = {isa = PBXFileReference; lastKnownFileType = sourcecode.c.h; lineEnding = 0; path = CNURLShrinky_iOS.h; sourceTree = "<group>"; xcLanguageSpecificationIdentifier = xcode.lang.objcpp; };
		905FB70114CB21FA00A3CCBF /* CNURLShrinky_iOS.m */ = {isa = PBXFileReference; lastKnownFileType = sourcecode.c.objc; path = CNURLShrinky_iOS.m; sourceTree = "<group>"; };
		905FB70814CB21FA00A3CCBF /* CNURLShrinky-iOSTests.octest */ = {isa = PBXFileReference; explicitFileType = wrapper.cfbundle; includeInIndex = 0; path = "CNURLShrinky-iOSTests.octest"; sourceTree = BUILT_PRODUCTS_DIR; };
		905FB70A14CB21FA00A3CCBF /* UIKit.framework */ = {isa = PBXFileReference; lastKnownFileType = wrapper.framework; name = UIKit.framework; path = Library/Frameworks/UIKit.framework; sourceTree = DEVELOPER_DIR; };
		905FB71214CB21FA00A3CCBF /* CNURLShrinky-iOSTests-Info.plist */ = {isa = PBXFileReference; lastKnownFileType = text.plist.xml; path = "CNURLShrinky-iOSTests-Info.plist"; sourceTree = "<group>"; };
		905FB71414CB21FA00A3CCBF /* en */ = {isa = PBXFileReference; lastKnownFileType = text.plist.strings; name = en; path = en.lproj/InfoPlist.strings; sourceTree = "<group>"; };
		905FB71614CB21FA00A3CCBF /* CNURLShrinky_iOSTests.h */ = {isa = PBXFileReference; lastKnownFileType = sourcecode.c.h; path = CNURLShrinky_iOSTests.h; sourceTree = "<group>"; };
		905FB71714CB21FA00A3CCBF /* CNURLShrinky_iOSTests.m */ = {isa = PBXFileReference; lastKnownFileType = sourcecode.c.objc; path = CNURLShrinky_iOSTests.m; sourceTree = "<group>"; };
		905FB83814CC73CE00A3CCBF /* CNURLShrinky.framework */ = {isa = PBXFileReference; explicitFileType = wrapper.framework; includeInIndex = 0; path = CNURLShrinky.framework; sourceTree = BUILT_PRODUCTS_DIR; };
		905FB84114CC73CE00A3CCBF /* CNURLShrinky.h */ = {isa = PBXFileReference; lastKnownFileType = sourcecode.c.h; path = CNURLShrinky.h; sourceTree = "<group>"; };
		905FB84214CC73CE00A3CCBF /* CNURLShrinky.m */ = {isa = PBXFileReference; lastKnownFileType = sourcecode.c.objc; path = CNURLShrinky.m; sourceTree = "<group>"; };
		905FB84914CC73CE00A3CCBF /* CNURLShrinkyTests.octest */ = {isa = PBXFileReference; explicitFileType = wrapper.cfbundle; includeInIndex = 0; path = CNURLShrinkyTests.octest; sourceTree = BUILT_PRODUCTS_DIR; };
		905FB85114CC73CE00A3CCBF /* CNURLShrinkyTests-Info.plist */ = {isa = PBXFileReference; lastKnownFileType = text.plist.xml; path = "CNURLShrinkyTests-Info.plist"; sourceTree = "<group>"; };
		905FB85314CC73CE00A3CCBF /* en */ = {isa = PBXFileReference; lastKnownFileType = text.plist.strings; name = en; path = en.lproj/InfoPlist.strings; sourceTree = "<group>"; };
		905FB85514CC73CE00A3CCBF /* CNURLShrinkyTests.h */ = {isa = PBXFileReference; lastKnownFileType = sourcecode.c.h; path = CNURLShrinkyTests.h; sourceTree = "<group>"; };
		905FB85614CC73CE00A3CCBF /* CNURLShrinkyTests.m */ = {isa = PBXFileReference; lastKnownFileType = sourcecode.c.objc; path = CNURLShrinkyTests.m; sourceTree = "<group>"; };
		905FB85F14CC749200A3CCBF /* .gitignore */ = {isa = PBXFileReference; lastKnownFileType = text; path = .gitignore; sourceTree = "<group>"; };
		905FB86114CC749200A3CCBF /* client.p12 */ = {isa = PBXFileReference; lastKnownFileType = file; path = client.p12; sourceTree = "<group>"; };
		905FB86214CC749200A3CCBF /* MKNetworkKit-iOS-Demo.xcodeproj */ = {isa = PBXFileReference; lastKnownFileType = "wrapper.pb-project"; path = "MKNetworkKit-iOS-Demo.xcodeproj"; sourceTree = "<group>"; };
		905FB86614CC749200A3CCBF /* AppDelegate.h */ = {isa = PBXFileReference; lastKnownFileType = sourcecode.c.h; path = AppDelegate.h; sourceTree = "<group>"; };
		905FB86714CC749200A3CCBF /* AppDelegate.m */ = {isa = PBXFileReference; lastKnownFileType = sourcecode.c.objc; path = AppDelegate.m; sourceTree = "<group>"; };
		905FB86814CC749200A3CCBF /* AuthTestEngine.h */ = {isa = PBXFileReference; lastKnownFileType = sourcecode.c.h; path = AuthTestEngine.h; sourceTree = "<group>"; };
		905FB86914CC749200A3CCBF /* AuthTestEngine.m */ = {isa = PBXFileReference; lastKnownFileType = sourcecode.c.objc; path = AuthTestEngine.m; sourceTree = "<group>"; };
		905FB86B14CC749200A3CCBF /* en */ = {isa = PBXFileReference; lastKnownFileType = text.plist.strings; name = en; path = en.lproj/InfoPlist.strings; sourceTree = "<group>"; };
		905FB86D14CC749200A3CCBF /* en */ = {isa = PBXFileReference; lastKnownFileType = file.storyboard; name = en; path = en.lproj/MainStoryboard.storyboard; sourceTree = "<group>"; };
		905FB86E14CC749200A3CCBF /* ExampleDownloader.h */ = {isa = PBXFileReference; lastKnownFileType = sourcecode.c.h; path = ExampleDownloader.h; sourceTree = "<group>"; };
		905FB86F14CC749200A3CCBF /* ExampleDownloader.m */ = {isa = PBXFileReference; lastKnownFileType = sourcecode.c.objc; path = ExampleDownloader.m; sourceTree = "<group>"; };
		905FB87014CC749200A3CCBF /* ExamplePost.h */ = {isa = PBXFileReference; lastKnownFileType = sourcecode.c.h; path = ExamplePost.h; sourceTree = "<group>"; };
		905FB87114CC749200A3CCBF /* ExamplePost.m */ = {isa = PBXFileReference; lastKnownFileType = sourcecode.c.objc; path = ExamplePost.m; sourceTree = "<group>"; };
		905FB87214CC749200A3CCBF /* ExampleUploader.h */ = {isa = PBXFileReference; lastKnownFileType = sourcecode.c.h; path = ExampleUploader.h; sourceTree = "<group>"; };
		905FB87314CC749200A3CCBF /* ExampleUploader.m */ = {isa = PBXFileReference; lastKnownFileType = sourcecode.c.objc; path = ExampleUploader.m; sourceTree = "<group>"; };
		905FB87414CC749200A3CCBF /* main.m */ = {isa = PBXFileReference; lastKnownFileType = sourcecode.c.objc; path = main.m; sourceTree = "<group>"; };
		905FB87514CC749200A3CCBF /* MKNetworkKit-iOS-Demo-Info.plist */ = {isa = PBXFileReference; lastKnownFileType = text.plist.xml; path = "MKNetworkKit-iOS-Demo-Info.plist"; sourceTree = "<group>"; };
		905FB87614CC749200A3CCBF /* MKNetworkKit-iOS-Demo-Prefix.pch */ = {isa = PBXFileReference; lastKnownFileType = sourcecode.c.h; path = "MKNetworkKit-iOS-Demo-Prefix.pch"; sourceTree = "<group>"; };
		905FB87714CC749200A3CCBF /* ViewController.h */ = {isa = PBXFileReference; lastKnownFileType = sourcecode.c.h; path = ViewController.h; sourceTree = "<group>"; };
		905FB87814CC749200A3CCBF /* ViewController.m */ = {isa = PBXFileReference; lastKnownFileType = sourcecode.c.objc; path = ViewController.m; sourceTree = "<group>"; };
		905FB87914CC749200A3CCBF /* YahooEngine.h */ = {isa = PBXFileReference; lastKnownFileType = sourcecode.c.h; path = YahooEngine.h; sourceTree = "<group>"; };
		905FB87A14CC749200A3CCBF /* YahooEngine.m */ = {isa = PBXFileReference; lastKnownFileType = sourcecode.c.objc; path = YahooEngine.m; sourceTree = "<group>"; };
		905FB87E14CC749200A3CCBF /* AppDelegate.h */ = {isa = PBXFileReference; lastKnownFileType = sourcecode.c.h; path = AppDelegate.h; sourceTree = "<group>"; };
		905FB87F14CC749200A3CCBF /* AppDelegate.m */ = {isa = PBXFileReference; lastKnownFileType = sourcecode.c.objc; path = AppDelegate.m; sourceTree = "<group>"; };
		905FB88114CC749200A3CCBF /* en */ = {isa = PBXFileReference; lastKnownFileType = text.rtf; name = en; path = en.lproj/Credits.rtf; sourceTree = "<group>"; };
		905FB88314CC749200A3CCBF /* en */ = {isa = PBXFileReference; lastKnownFileType = text.plist.strings; name = en; path = en.lproj/InfoPlist.strings; sourceTree = "<group>"; };
		905FB88514CC749200A3CCBF /* en */ = {isa = PBXFileReference; lastKnownFileType = file.xib; name = en; path = en.lproj/MainMenu.xib; sourceTree = "<group>"; };
		905FB88614CC749200A3CCBF /* main.m */ = {isa = PBXFileReference; lastKnownFileType = sourcecode.c.objc; path = main.m; sourceTree = "<group>"; };
		905FB88714CC749200A3CCBF /* MKNetworkKit-OSX-Demo-Info.plist */ = {isa = PBXFileReference; lastKnownFileType = text.plist.xml; path = "MKNetworkKit-OSX-Demo-Info.plist"; sourceTree = "<group>"; };
		905FB88814CC749200A3CCBF /* MKNetworkKit-OSX-Demo-Prefix.pch */ = {isa = PBXFileReference; lastKnownFileType = sourcecode.c.h; path = "MKNetworkKit-OSX-Demo-Prefix.pch"; sourceTree = "<group>"; };
		905FB88914CC749200A3CCBF /* MKNetworkKit-OSX-Demo.xcodeproj */ = {isa = PBXFileReference; lastKnownFileType = "wrapper.pb-project"; path = "MKNetworkKit-OSX-Demo.xcodeproj"; sourceTree = "<group>"; };
		905FB88E14CC749200A3CCBF /* NSAlert+MKNetworkKitAdditions.h */ = {isa = PBXFileReference; lastKnownFileType = sourcecode.c.h; path = "NSAlert+MKNetworkKitAdditions.h"; sourceTree = "<group>"; };
		905FB88F14CC749200A3CCBF /* NSAlert+MKNetworkKitAdditions.m */ = {isa = PBXFileReference; lastKnownFileType = sourcecode.c.objc; path = "NSAlert+MKNetworkKitAdditions.m"; sourceTree = "<group>"; };
		905FB89014CC749200A3CCBF /* NSData+Base64.h */ = {isa = PBXFileReference; lastKnownFileType = sourcecode.c.h; path = "NSData+Base64.h"; sourceTree = "<group>"; };
		905FB89114CC749200A3CCBF /* NSData+Base64.m */ = {isa = PBXFileReference; lastKnownFileType = sourcecode.c.objc; path = "NSData+Base64.m"; sourceTree = "<group>"; };
		905FB89214CC749200A3CCBF /* NSDate+RFC1123.h */ = {isa = PBXFileReference; lastKnownFileType = sourcecode.c.h; path = "NSDate+RFC1123.h"; sourceTree = "<group>"; };
		905FB89314CC749200A3CCBF /* NSDate+RFC1123.m */ = {isa = PBXFileReference; lastKnownFileType = sourcecode.c.objc; path = "NSDate+RFC1123.m"; sourceTree = "<group>"; };
		905FB89414CC749200A3CCBF /* NSDictionary+RequestEncoding.h */ = {isa = PBXFileReference; lastKnownFileType = sourcecode.c.h; path = "NSDictionary+RequestEncoding.h"; sourceTree = "<group>"; };
		905FB89514CC749200A3CCBF /* NSDictionary+RequestEncoding.m */ = {isa = PBXFileReference; lastKnownFileType = sourcecode.c.objc; path = "NSDictionary+RequestEncoding.m"; sourceTree = "<group>"; };
		905FB89614CC749200A3CCBF /* NSString+MKNetworkKitAdditions.h */ = {isa = PBXFileReference; lastKnownFileType = sourcecode.c.h; path = "NSString+MKNetworkKitAdditions.h"; sourceTree = "<group>"; };
		905FB89714CC749200A3CCBF /* NSString+MKNetworkKitAdditions.m */ = {isa = PBXFileReference; lastKnownFileType = sourcecode.c.objc; path = "NSString+MKNetworkKitAdditions.m"; sourceTree = "<group>"; };
		905FB89814CC749200A3CCBF /* UIAlertView+MKNetworkKitAdditions.h */ = {isa = PBXFileReference; lastKnownFileType = sourcecode.c.h; path = "UIAlertView+MKNetworkKitAdditions.h"; sourceTree = "<group>"; };
		905FB89914CC749200A3CCBF /* UIAlertView+MKNetworkKitAdditions.m */ = {isa = PBXFileReference; lastKnownFileType = sourcecode.c.objc; path = "UIAlertView+MKNetworkKitAdditions.m"; sourceTree = "<group>"; };
		905FB89A14CC749200A3CCBF /* MKNetworkEngine.h */ = {isa = PBXFileReference; lastKnownFileType = sourcecode.c.h; path = MKNetworkEngine.h; sourceTree = "<group>"; };
		905FB89B14CC749200A3CCBF /* MKNetworkEngine.m */ = {isa = PBXFileReference; lastKnownFileType = sourcecode.c.objc; path = MKNetworkEngine.m; sourceTree = "<group>"; };
		905FB89C14CC749200A3CCBF /* MKNetworkKit.h */ = {isa = PBXFileReference; lastKnownFileType = sourcecode.c.h; path = MKNetworkKit.h; sourceTree = "<group>"; };
		905FB89D14CC749200A3CCBF /* MKNetworkOperation.h */ = {isa = PBXFileReference; lastKnownFileType = sourcecode.c.h; path = MKNetworkOperation.h; sourceTree = "<group>"; };
		905FB89E14CC749200A3CCBF /* MKNetworkOperation.m */ = {isa = PBXFileReference; lastKnownFileType = sourcecode.c.objc; path = MKNetworkOperation.m; sourceTree = "<group>"; };
		905FB8A014CC749200A3CCBF /* Reachability.h */ = {isa = PBXFileReference; lastKnownFileType = sourcecode.c.h; path = Reachability.h; sourceTree = "<group>"; };
		905FB8A114CC749200A3CCBF /* Reachability.m */ = {isa = PBXFileReference; lastKnownFileType = sourcecode.c.objc; path = Reachability.m; sourceTree = "<group>"; };
		905FB8A414CC749200A3CCBF /* MKNetworkKit-iOS-Prefix.pch */ = {isa = PBXFileReference; lastKnownFileType = sourcecode.c.h; path = "MKNetworkKit-iOS-Prefix.pch"; sourceTree = "<group>"; };
		905FB8A514CC749200A3CCBF /* MKNetworkKit-iOS.xcodeproj */ = {isa = PBXFileReference; lastKnownFileType = "wrapper.pb-project"; path = "MKNetworkKit-iOS.xcodeproj"; sourceTree = "<group>"; };
		905FB8AA14CC749200A3CCBF /* MKNetworkKit-OSX-Prefix.pch */ = {isa = PBXFileReference; lastKnownFileType = sourcecode.c.h; path = "MKNetworkKit-OSX-Prefix.pch"; sourceTree = "<group>"; };
		905FB8AB14CC749200A3CCBF /* MKNetworkKit-OSX.xcodeproj */ = {isa = PBXFileReference; lastKnownFileType = "wrapper.pb-project"; path = "MKNetworkKit-OSX.xcodeproj"; sourceTree = "<group>"; };
		905FB8AE14CC749200A3CCBF /* MKNetworkKit.xcworkspace */ = {isa = PBXFileReference; lastKnownFileType = wrapper.workspace; path = MKNetworkKit.xcworkspace; sourceTree = "<group>"; };
		905FB8AF14CC749200A3CCBF /* README.mdown */ = {isa = PBXFileReference; lastKnownFileType = text; path = README.mdown; sourceTree = "<group>"; };
		905FB8B014CC749200A3CCBF /* SampleImage.jpg */ = {isa = PBXFileReference; lastKnownFileType = image.jpeg; path = SampleImage.jpg; sourceTree = "<group>"; };
		905FB8B214CC749200A3CCBF /* basic_auth.php */ = {isa = PBXFileReference; lastKnownFileType = text.script.php; path = basic_auth.php; sourceTree = "<group>"; };
		905FB8B314CC749200A3CCBF /* digest_auth.php */ = {isa = PBXFileReference; lastKnownFileType = text.script.php; path = digest_auth.php; sourceTree = "<group>"; };
		905FB8DF14CC7B4000A3CCBF /* CNURLShrinkController.h */ = {isa = PBXFileReference; fileEncoding = 4; lastKnownFileType = sourcecode.c.h; name = CNURLShrinkController.h; path = Classes/CNURLShrinkController.h; sourceTree = "<group>"; };
		905FB8E014CC7B4000A3CCBF /* CNURLShrinkController.m */ = {isa = PBXFileReference; fileEncoding = 4; lastKnownFileType = sourcecode.c.objc; name = CNURLShrinkController.m; path = Classes/CNURLShrinkController.m; sourceTree = "<group>"; };
		905FB8E714CC7C9100A3CCBF /* en */ = {isa = PBXFileReference; lastKnownFileType = text.plist.strings; name = en; path = InfoPlist.strings; sourceTree = "<group>"; };
		905FB8E914CC7CE000A3CCBF /* CNURLShrinky-Info.plist */ = {isa = PBXFileReference; fileEncoding = 4; lastKnownFileType = text.plist.xml; path = "CNURLShrinky-Info.plist"; sourceTree = "<group>"; };
		905FB8EC14CC7D1A00A3CCBF /* CNURLShrinky-Prefix.pch */ = {isa = PBXFileReference; fileEncoding = 4; lastKnownFileType = sourcecode.c.h; path = "CNURLShrinky-Prefix.pch"; sourceTree = "<group>"; };
		905FB8EE14CC7D6C00A3CCBF /* CNURLShrinkyGlobal.h */ = {isa = PBXFileReference; fileEncoding = 4; lastKnownFileType = sourcecode.c.h; name = CNURLShrinkyGlobal.h; path = Classes/CNURLShrinkyGlobal.h; sourceTree = "<group>"; };
		905FB8F114CC7E7200A3CCBF /* CNURLShrinker.h */ = {isa = PBXFileReference; fileEncoding = 4; lastKnownFileType = sourcecode.c.h; name = CNURLShrinker.h; path = Classes/CNURLShrinker.h; sourceTree = "<group>"; };
		905FB8F214CC7E7200A3CCBF /* CNURLShrinker.m */ = {isa = PBXFileReference; fileEncoding = 4; lastKnownFileType = sourcecode.c.objc; name = CNURLShrinker.m; path = Classes/CNURLShrinker.m; sourceTree = "<group>"; };
		905FB8FA14CC825E00A3CCBF /* CHANGELOG.md */ = {isa = PBXFileReference; fileEncoding = 4; lastKnownFileType = text; path = CHANGELOG.md; sourceTree = "<group>"; };
		905FB8FB14CC825E00A3CCBF /* JSONKit.h */ = {isa = PBXFileReference; fileEncoding = 4; lastKnownFileType = sourcecode.c.h; path = JSONKit.h; sourceTree = "<group>"; };
		905FB8FC14CC825E00A3CCBF /* JSONKit.m */ = {isa = PBXFileReference; fileEncoding = 4; lastKnownFileType = sourcecode.c.objc; path = JSONKit.m; sourceTree = "<group>"; };
		905FB8FD14CC825E00A3CCBF /* README.md */ = {isa = PBXFileReference; fileEncoding = 4; lastKnownFileType = text; path = README.md; sourceTree = "<group>"; };
		905FB90B14CC847A00A3CCBF /* GDataXMLNode.h */ = {isa = PBXFileReference; fileEncoding = 4; lastKnownFileType = sourcecode.c.h; path = GDataXMLNode.h; sourceTree = "<group>"; };
		905FB90C14CC847A00A3CCBF /* GDataXMLNode.m */ = {isa = PBXFileReference; fileEncoding = 4; lastKnownFileType = sourcecode.c.objc; path = GDataXMLNode.m; sourceTree = "<group>"; };
		90A2564814CF041C00A04E1D /* CNShinkerData.h */ = {isa = PBXFileReference; fileEncoding = 4; lastKnownFileType = sourcecode.c.h; name = CNShinkerData.h; path = Classes/CNShinkerData.h; sourceTree = "<group>"; };
		90A2564914CF041C00A04E1D /* CNShinkerData.m */ = {isa = PBXFileReference; fileEncoding = 4; lastKnownFileType = sourcecode.c.objc; name = CNShinkerData.m; path = Classes/CNShinkerData.m; sourceTree = "<group>"; };
		90A2565114CF062000A04E1D /* _template.plist */ = {isa = PBXFileReference; fileEncoding = 4; lastKnownFileType = text.plist.xml; path = _template.plist; sourceTree = "<group>"; };
		90A2565514CF08D600A04E1D /* isgd.plist */ = {isa = PBXFileReference; fileEncoding = 4; lastKnownFileType = text.plist.xml; path = isgd.plist; sourceTree = "<group>"; };
		90A2565614CF08D600A04E1D /* tinyurl.plist */ = {isa = PBXFileReference; fileEncoding = 4; lastKnownFileType = text.plist.xml; path = tinyurl.plist; sourceTree = "<group>"; };
/* End PBXFileReference section */

/* Begin PBXFrameworksBuildPhase section */
		905FB6F714CB21FA00A3CCBF /* Frameworks */ = {
			isa = PBXFrameworksBuildPhase;
			buildActionMask = 2147483647;
			files = (
				905FB6FC14CB21FA00A3CCBF /* Foundation.framework in Frameworks */,
			);
			runOnlyForDeploymentPostprocessing = 0;
		};
		905FB70414CB21FA00A3CCBF /* Frameworks */ = {
			isa = PBXFrameworksBuildPhase;
			buildActionMask = 2147483647;
			files = (
				905FB70914CB21FA00A3CCBF /* SenTestingKit.framework in Frameworks */,
				905FB70B14CB21FA00A3CCBF /* UIKit.framework in Frameworks */,
				905FB70C14CB21FA00A3CCBF /* Foundation.framework in Frameworks */,
				905FB70F14CB21FA00A3CCBF /* libCNURLShrinky-iOS.a in Frameworks */,
			);
			runOnlyForDeploymentPostprocessing = 0;
		};
		905FB83414CC73CE00A3CCBF /* Frameworks */ = {
			isa = PBXFrameworksBuildPhase;
			buildActionMask = 2147483647;
			files = (
				905FB83914CC73CE00A3CCBF /* Cocoa.framework in Frameworks */,
			);
			runOnlyForDeploymentPostprocessing = 0;
		};
		905FB84514CC73CE00A3CCBF /* Frameworks */ = {
			isa = PBXFrameworksBuildPhase;
			buildActionMask = 2147483647;
			files = (
				905FB84A14CC73CE00A3CCBF /* SenTestingKit.framework in Frameworks */,
				905FB84B14CC73CE00A3CCBF /* Cocoa.framework in Frameworks */,
				905FB84E14CC73CE00A3CCBF /* CNURLShrinky.framework in Frameworks */,
			);
			runOnlyForDeploymentPostprocessing = 0;
		};
/* End PBXFrameworksBuildPhase section */

/* Begin PBXGroup section */
		905FB6B914CB213400A3CCBF = {
			isa = PBXGroup;
			children = (
				905FB6F514CB21DC00A3CCBF /* lib */,
				90A2565014CF060E00A04E1D /* Services */,
				905FB8DE14CC7AFA00A3CCBF /* Core */,
				905FB6FD14CB21FA00A3CCBF /* CNURLShrinky-iOS */,
				905FB83A14CC73CE00A3CCBF /* CNURLShrinky */,
				905FB71F14CB220500A3CCBF /* Tests */,
				905FB6C614CB213400A3CCBF /* Frameworks */,
				905FB6C514CB213400A3CCBF /* Products */,
			);
			sourceTree = "<group>";
		};
		905FB6C514CB213400A3CCBF /* Products */ = {
			isa = PBXGroup;
			children = (
				905FB6FA14CB21FA00A3CCBF /* libCNURLShrinky-iOS.a */,
				905FB70814CB21FA00A3CCBF /* CNURLShrinky-iOSTests.octest */,
				905FB83814CC73CE00A3CCBF /* CNURLShrinky.framework */,
				905FB84914CC73CE00A3CCBF /* CNURLShrinkyTests.octest */,
			);
			name = Products;
			sourceTree = "<group>";
		};
		905FB6C614CB213400A3CCBF /* Frameworks */ = {
			isa = PBXGroup;
			children = (
				905FB6C714CB213500A3CCBF /* Cocoa.framework */,
				905FB6D914CB213500A3CCBF /* SenTestingKit.framework */,
				905FB6FB14CB21FA00A3CCBF /* Foundation.framework */,
				905FB70A14CB21FA00A3CCBF /* UIKit.framework */,
				905FB6C914CB213500A3CCBF /* Other Frameworks */,
			);
			name = Frameworks;
			sourceTree = "<group>";
		};
		905FB6C914CB213500A3CCBF /* Other Frameworks */ = {
			isa = PBXGroup;
			children = (
				905FB6CA14CB213500A3CCBF /* AppKit.framework */,
				905FB6CB14CB213500A3CCBF /* CoreData.framework */,
				905FB6CC14CB213500A3CCBF /* Foundation.framework */,
			);
			name = "Other Frameworks";
			sourceTree = "<group>";
		};
		905FB6F514CB21DC00A3CCBF /* lib */ = {
			isa = PBXGroup;
			children = (
				905FB90A14CC847A00A3CCBF /* GDataXML */,
				905FB8F914CC825E00A3CCBF /* JSONKit */,
				905FB85E14CC749200A3CCBF /* MKNetworkKit */,
			);
			path = lib;
			sourceTree = "<group>";
		};
		905FB6FD14CB21FA00A3CCBF /* CNURLShrinky-iOS */ = {
			isa = PBXGroup;
			children = (
				905FB70014CB21FA00A3CCBF /* CNURLShrinky_iOS.h */,
				905FB70114CB21FA00A3CCBF /* CNURLShrinky_iOS.m */,
				905FB6FE14CB21FA00A3CCBF /* Supporting Files */,
			);
			path = "CNURLShrinky-iOS";
			sourceTree = "<group>";
		};
		905FB6FE14CB21FA00A3CCBF /* Supporting Files */ = {
			isa = PBXGroup;
			children = (
				905FB6FF14CB21FA00A3CCBF /* CNURLShrinky-iOS-Prefix.pch */,
			);
			name = "Supporting Files";
			sourceTree = "<group>";
		};
		905FB71014CB21FA00A3CCBF /* CNURLShrinky-iOSTests */ = {
			isa = PBXGroup;
			children = (
				905FB71614CB21FA00A3CCBF /* CNURLShrinky_iOSTests.h */,
				905FB71714CB21FA00A3CCBF /* CNURLShrinky_iOSTests.m */,
				905FB71114CB21FA00A3CCBF /* Supporting Files */,
			);
			path = "CNURLShrinky-iOSTests";
			sourceTree = "<group>";
		};
		905FB71114CB21FA00A3CCBF /* Supporting Files */ = {
			isa = PBXGroup;
			children = (
				905FB71214CB21FA00A3CCBF /* CNURLShrinky-iOSTests-Info.plist */,
				905FB71314CB21FA00A3CCBF /* InfoPlist.strings */,
			);
			name = "Supporting Files";
			sourceTree = "<group>";
		};
		905FB71F14CB220500A3CCBF /* Tests */ = {
			isa = PBXGroup;
			children = (
				905FB84F14CC73CE00A3CCBF /* CNURLShrinkyTests */,
				905FB71014CB21FA00A3CCBF /* CNURLShrinky-iOSTests */,
			);
			name = Tests;
			sourceTree = "<group>";
		};
		905FB83A14CC73CE00A3CCBF /* CNURLShrinky */ = {
			isa = PBXGroup;
			children = (
				905FB8EB14CC7CE500A3CCBF /* Supporting Files */,
				905FB84114CC73CE00A3CCBF /* CNURLShrinky.h */,
				905FB84214CC73CE00A3CCBF /* CNURLShrinky.m */,
			);
			path = CNURLShrinky;
			sourceTree = "<group>";
		};
		905FB84F14CC73CE00A3CCBF /* CNURLShrinkyTests */ = {
			isa = PBXGroup;
			children = (
				905FB85514CC73CE00A3CCBF /* CNURLShrinkyTests.h */,
				905FB85614CC73CE00A3CCBF /* CNURLShrinkyTests.m */,
				905FB85014CC73CE00A3CCBF /* Supporting Files */,
			);
			path = CNURLShrinkyTests;
			sourceTree = "<group>";
		};
		905FB85014CC73CE00A3CCBF /* Supporting Files */ = {
			isa = PBXGroup;
			children = (
				905FB85114CC73CE00A3CCBF /* CNURLShrinkyTests-Info.plist */,
				905FB85214CC73CE00A3CCBF /* InfoPlist.strings */,
			);
			name = "Supporting Files";
			sourceTree = "<group>";
		};
		905FB85E14CC749200A3CCBF /* MKNetworkKit */ = {
			isa = PBXGroup;
			children = (
				905FB85F14CC749200A3CCBF /* .gitignore */,
				905FB86014CC749200A3CCBF /* iOS-Demo */,
				905FB87B14CC749200A3CCBF /* Mac-Demo */,
				905FB88C14CC749200A3CCBF /* MKNetworkKit */,
				905FB8A214CC749200A3CCBF /* MKNetworkKit-iOS */,
				905FB8A814CC749200A3CCBF /* MKNetworkKit-OSX */,
				905FB8AE14CC749200A3CCBF /* MKNetworkKit.xcworkspace */,
				905FB8AF14CC749200A3CCBF /* README.mdown */,
				905FB8B014CC749200A3CCBF /* SampleImage.jpg */,
				905FB8B114CC749200A3CCBF /* ServerTests */,
			);
			path = MKNetworkKit;
			sourceTree = "<group>";
		};
		905FB86014CC749200A3CCBF /* iOS-Demo */ = {
			isa = PBXGroup;
			children = (
				905FB86114CC749200A3CCBF /* client.p12 */,
				905FB86214CC749200A3CCBF /* MKNetworkKit-iOS-Demo.xcodeproj */,
				905FB86514CC749200A3CCBF /* MKNetworkKitDemo */,
			);
			path = "iOS-Demo";
			sourceTree = "<group>";
		};
		905FB86314CC749200A3CCBF /* Products */ = {
			isa = PBXGroup;
			children = (
				905FB8C414CC749200A3CCBF /* MKNetworkKit-iOS-Demo.app */,
			);
			name = Products;
			sourceTree = "<group>";
		};
		905FB86514CC749200A3CCBF /* MKNetworkKitDemo */ = {
			isa = PBXGroup;
			children = (
				905FB86614CC749200A3CCBF /* AppDelegate.h */,
				905FB86714CC749200A3CCBF /* AppDelegate.m */,
				905FB86814CC749200A3CCBF /* AuthTestEngine.h */,
				905FB86914CC749200A3CCBF /* AuthTestEngine.m */,
				905FB86A14CC749200A3CCBF /* InfoPlist.strings */,
				905FB86C14CC749200A3CCBF /* MainStoryboard.storyboard */,
				905FB86E14CC749200A3CCBF /* ExampleDownloader.h */,
				905FB86F14CC749200A3CCBF /* ExampleDownloader.m */,
				905FB87014CC749200A3CCBF /* ExamplePost.h */,
				905FB87114CC749200A3CCBF /* ExamplePost.m */,
				905FB87214CC749200A3CCBF /* ExampleUploader.h */,
				905FB87314CC749200A3CCBF /* ExampleUploader.m */,
				905FB87414CC749200A3CCBF /* main.m */,
				905FB87514CC749200A3CCBF /* MKNetworkKit-iOS-Demo-Info.plist */,
				905FB87614CC749200A3CCBF /* MKNetworkKit-iOS-Demo-Prefix.pch */,
				905FB87714CC749200A3CCBF /* ViewController.h */,
				905FB87814CC749200A3CCBF /* ViewController.m */,
				905FB87914CC749200A3CCBF /* YahooEngine.h */,
				905FB87A14CC749200A3CCBF /* YahooEngine.m */,
			);
			path = MKNetworkKitDemo;
			sourceTree = "<group>";
		};
		905FB87B14CC749200A3CCBF /* Mac-Demo */ = {
			isa = PBXGroup;
			children = (
				905FB87C14CC749200A3CCBF /* MKNetworkKit-OSX-Demo */,
			);
			path = "Mac-Demo";
			sourceTree = "<group>";
		};
		905FB87C14CC749200A3CCBF /* MKNetworkKit-OSX-Demo */ = {
			isa = PBXGroup;
			children = (
				905FB87D14CC749200A3CCBF /* MKNetworkKit-OSX-Demo */,
				905FB88914CC749200A3CCBF /* MKNetworkKit-OSX-Demo.xcodeproj */,
			);
			path = "MKNetworkKit-OSX-Demo";
			sourceTree = "<group>";
		};
		905FB87D14CC749200A3CCBF /* MKNetworkKit-OSX-Demo */ = {
			isa = PBXGroup;
			children = (
				905FB87E14CC749200A3CCBF /* AppDelegate.h */,
				905FB87F14CC749200A3CCBF /* AppDelegate.m */,
				905FB88014CC749200A3CCBF /* Credits.rtf */,
				905FB88214CC749200A3CCBF /* InfoPlist.strings */,
				905FB88414CC749200A3CCBF /* MainMenu.xib */,
				905FB88614CC749200A3CCBF /* main.m */,
				905FB88714CC749200A3CCBF /* MKNetworkKit-OSX-Demo-Info.plist */,
				905FB88814CC749200A3CCBF /* MKNetworkKit-OSX-Demo-Prefix.pch */,
			);
			path = "MKNetworkKit-OSX-Demo";
			sourceTree = "<group>";
		};
		905FB88A14CC749200A3CCBF /* Products */ = {
			isa = PBXGroup;
			children = (
				905FB8CA14CC749200A3CCBF /* MKNetworkKit-OSX-Demo.app */,
			);
			name = Products;
			sourceTree = "<group>";
		};
		905FB88C14CC749200A3CCBF /* MKNetworkKit */ = {
			isa = PBXGroup;
			children = (
				905FB88D14CC749200A3CCBF /* Categories */,
				905FB89A14CC749200A3CCBF /* MKNetworkEngine.h */,
				905FB89B14CC749200A3CCBF /* MKNetworkEngine.m */,
				905FB89C14CC749200A3CCBF /* MKNetworkKit.h */,
				905FB89D14CC749200A3CCBF /* MKNetworkOperation.h */,
				905FB89E14CC749200A3CCBF /* MKNetworkOperation.m */,
				905FB89F14CC749200A3CCBF /* Reachability */,
			);
			path = MKNetworkKit;
			sourceTree = "<group>";
		};
		905FB88D14CC749200A3CCBF /* Categories */ = {
			isa = PBXGroup;
			children = (
				905FB88E14CC749200A3CCBF /* NSAlert+MKNetworkKitAdditions.h */,
				905FB88F14CC749200A3CCBF /* NSAlert+MKNetworkKitAdditions.m */,
				905FB89014CC749200A3CCBF /* NSData+Base64.h */,
				905FB89114CC749200A3CCBF /* NSData+Base64.m */,
				905FB89214CC749200A3CCBF /* NSDate+RFC1123.h */,
				905FB89314CC749200A3CCBF /* NSDate+RFC1123.m */,
				905FB89414CC749200A3CCBF /* NSDictionary+RequestEncoding.h */,
				905FB89514CC749200A3CCBF /* NSDictionary+RequestEncoding.m */,
				905FB89614CC749200A3CCBF /* NSString+MKNetworkKitAdditions.h */,
				905FB89714CC749200A3CCBF /* NSString+MKNetworkKitAdditions.m */,
				905FB89814CC749200A3CCBF /* UIAlertView+MKNetworkKitAdditions.h */,
				905FB89914CC749200A3CCBF /* UIAlertView+MKNetworkKitAdditions.m */,
			);
			path = Categories;
			sourceTree = "<group>";
		};
		905FB89F14CC749200A3CCBF /* Reachability */ = {
			isa = PBXGroup;
			children = (
				905FB8A014CC749200A3CCBF /* Reachability.h */,
				905FB8A114CC749200A3CCBF /* Reachability.m */,
			);
			path = Reachability;
			sourceTree = "<group>";
		};
		905FB8A214CC749200A3CCBF /* MKNetworkKit-iOS */ = {
			isa = PBXGroup;
			children = (
				905FB8A314CC749200A3CCBF /* MKNetworkKit-iOS */,
				905FB8A514CC749200A3CCBF /* MKNetworkKit-iOS.xcodeproj */,
			);
			path = "MKNetworkKit-iOS";
			sourceTree = "<group>";
		};
		905FB8A314CC749200A3CCBF /* MKNetworkKit-iOS */ = {
			isa = PBXGroup;
			children = (
				905FB8A414CC749200A3CCBF /* MKNetworkKit-iOS-Prefix.pch */,
			);
			path = "MKNetworkKit-iOS";
			sourceTree = "<group>";
		};
		905FB8A614CC749200A3CCBF /* Products */ = {
			isa = PBXGroup;
			children = (
				905FB8C714CC749200A3CCBF /* libMKNetworkKit-iOS.a */,
			);
			name = Products;
			sourceTree = "<group>";
		};
		905FB8A814CC749200A3CCBF /* MKNetworkKit-OSX */ = {
			isa = PBXGroup;
			children = (
				905FB8A914CC749200A3CCBF /* MKNetworkKit-OSX */,
				905FB8AB14CC749200A3CCBF /* MKNetworkKit-OSX.xcodeproj */,
			);
			path = "MKNetworkKit-OSX";
			sourceTree = "<group>";
		};
		905FB8A914CC749200A3CCBF /* MKNetworkKit-OSX */ = {
			isa = PBXGroup;
			children = (
				905FB8AA14CC749200A3CCBF /* MKNetworkKit-OSX-Prefix.pch */,
			);
			path = "MKNetworkKit-OSX";
			sourceTree = "<group>";
		};
		905FB8AC14CC749200A3CCBF /* Products */ = {
			isa = PBXGroup;
			children = (
				905FB8CD14CC749200A3CCBF /* libMKNetworkKit-OSX.a */,
			);
			name = Products;
			sourceTree = "<group>";
		};
		905FB8B114CC749200A3CCBF /* ServerTests */ = {
			isa = PBXGroup;
			children = (
				905FB8B214CC749200A3CCBF /* basic_auth.php */,
				905FB8B314CC749200A3CCBF /* digest_auth.php */,
			);
			path = ServerTests;
			sourceTree = "<group>";
		};
		905FB8DE14CC7AFA00A3CCBF /* Core */ = {
			isa = PBXGroup;
			children = (
				905FB8EE14CC7D6C00A3CCBF /* CNURLShrinkyGlobal.h */,
				905FB8DF14CC7B4000A3CCBF /* CNURLShrinkController.h */,
				905FB8E014CC7B4000A3CCBF /* CNURLShrinkController.m */,
				905FB8F114CC7E7200A3CCBF /* CNURLShrinker.h */,
				905FB8F214CC7E7200A3CCBF /* CNURLShrinker.m */,
				90A2564814CF041C00A04E1D /* CNShinkerData.h */,
				90A2564914CF041C00A04E1D /* CNShinkerData.m */,
			);
			name = Core;
			sourceTree = "<group>";
		};
		905FB8E514CC7C9100A3CCBF /* en.lproj */ = {
			isa = PBXGroup;
			children = (
				905FB8E614CC7C9100A3CCBF /* InfoPlist.strings */,
			);
			path = en.lproj;
			sourceTree = "<group>";
		};
		905FB8EB14CC7CE500A3CCBF /* Supporting Files */ = {
			isa = PBXGroup;
			children = (
				905FB8EC14CC7D1A00A3CCBF /* CNURLShrinky-Prefix.pch */,
				905FB8E514CC7C9100A3CCBF /* en.lproj */,
				905FB8E914CC7CE000A3CCBF /* CNURLShrinky-Info.plist */,
			);
			name = "Supporting Files";
			sourceTree = "<group>";
		};
		905FB8F914CC825E00A3CCBF /* JSONKit */ = {
			isa = PBXGroup;
			children = (
				905FB8FA14CC825E00A3CCBF /* CHANGELOG.md */,
				905FB8FB14CC825E00A3CCBF /* JSONKit.h */,
				905FB8FC14CC825E00A3CCBF /* JSONKit.m */,
				905FB8FD14CC825E00A3CCBF /* README.md */,
			);
			path = JSONKit;
			sourceTree = "<group>";
		};
		905FB90A14CC847A00A3CCBF /* GDataXML */ = {
			isa = PBXGroup;
			children = (
				905FB90B14CC847A00A3CCBF /* GDataXMLNode.h */,
				905FB90C14CC847A00A3CCBF /* GDataXMLNode.m */,
			);
			path = GDataXML;
			sourceTree = "<group>";
		};
		90A2565014CF060E00A04E1D /* Services */ = {
			isa = PBXGroup;
			children = (
				90A2565114CF062000A04E1D /* _template.plist */,
				90A2565514CF08D600A04E1D /* isgd.plist */,
				90A2565614CF08D600A04E1D /* tinyurl.plist */,
			);
			path = Services;
			sourceTree = "<group>";
		};
/* End PBXGroup section */

/* Begin PBXHeadersBuildPhase section */
		905FB6F814CB21FA00A3CCBF /* Headers */ = {
			isa = PBXHeadersBuildPhase;
			buildActionMask = 2147483647;
			files = (
				905FB7E914CB284B00A3CCBF /* CNURLShrinky_iOS.h in Headers */,
				905FB8E114CC7B4000A3CCBF /* CNURLShrinkController.h in Headers */,
				905FB8F314CC7E7300A3CCBF /* CNURLShrinker.h in Headers */,
				905FB8EF14CC7D6C00A3CCBF /* CNURLShrinkyGlobal.h in Headers */,
				905FB90114CC825E00A3CCBF /* JSONKit.h in Headers */,
				905FB90D14CC847A00A3CCBF /* GDataXMLNode.h in Headers */,
				90A2564A14CF041C00A04E1D /* CNShinkerData.h in Headers */,
			);
			runOnlyForDeploymentPostprocessing = 0;
		};
		905FB83514CC73CE00A3CCBF /* Headers */ = {
			isa = PBXHeadersBuildPhase;
			buildActionMask = 2147483647;
			files = (
				905FB8D414CC74BB00A3CCBF /* CNURLShrinky.h in Headers */,
				905FB8E214CC7B4000A3CCBF /* CNURLShrinkController.h in Headers */,
				905FB8F414CC7E7300A3CCBF /* CNURLShrinker.h in Headers */,
				905FB8ED14CC7D1A00A3CCBF /* CNURLShrinky-Prefix.pch in Headers */,
				905FB8F014CC7D6C00A3CCBF /* CNURLShrinkyGlobal.h in Headers */,
				905FB90214CC825E00A3CCBF /* JSONKit.h in Headers */,
				905FB90E14CC847A00A3CCBF /* GDataXMLNode.h in Headers */,
				90A2564B14CF041C00A04E1D /* CNShinkerData.h in Headers */,
			);
			runOnlyForDeploymentPostprocessing = 0;
		};
/* End PBXHeadersBuildPhase section */

/* Begin PBXNativeTarget section */
		905FB6F914CB21FA00A3CCBF /* CNURLShrinky-iOS */ = {
			isa = PBXNativeTarget;
			buildConfigurationList = 905FB71914CB21FA00A3CCBF /* Build configuration list for PBXNativeTarget "CNURLShrinky-iOS" */;
			buildPhases = (
				905FB6F614CB21FA00A3CCBF /* Sources */,
				905FB6F714CB21FA00A3CCBF /* Frameworks */,
				905FB6F814CB21FA00A3CCBF /* Headers */,
			);
			buildRules = (
			);
			dependencies = (
				905FB8D314CC74AC00A3CCBF /* PBXTargetDependency */,
			);
			name = "CNURLShrinky-iOS";
			productName = "CNURLShrinky-iOS";
			productReference = 905FB6FA14CB21FA00A3CCBF /* libCNURLShrinky-iOS.a */;
			productType = "com.apple.product-type.library.static";
		};
		905FB70714CB21FA00A3CCBF /* CNURLShrinky-iOSTests */ = {
			isa = PBXNativeTarget;
			buildConfigurationList = 905FB71C14CB21FA00A3CCBF /* Build configuration list for PBXNativeTarget "CNURLShrinky-iOSTests" */;
			buildPhases = (
				905FB70314CB21FA00A3CCBF /* Sources */,
				905FB70414CB21FA00A3CCBF /* Frameworks */,
				905FB70514CB21FA00A3CCBF /* Resources */,
				905FB70614CB21FA00A3CCBF /* ShellScript */,
			);
			buildRules = (
			);
			dependencies = (
				905FB70E14CB21FA00A3CCBF /* PBXTargetDependency */,
			);
			name = "CNURLShrinky-iOSTests";
			productName = "CNURLShrinky-iOSTests";
			productReference = 905FB70814CB21FA00A3CCBF /* CNURLShrinky-iOSTests.octest */;
			productType = "com.apple.product-type.bundle";
		};
		905FB83714CC73CE00A3CCBF /* CNURLShrinky */ = {
			isa = PBXNativeTarget;
			buildConfigurationList = 905FB85814CC73CE00A3CCBF /* Build configuration list for PBXNativeTarget "CNURLShrinky" */;
			buildPhases = (
				905FB83314CC73CE00A3CCBF /* Sources */,
				905FB83414CC73CE00A3CCBF /* Frameworks */,
				905FB83514CC73CE00A3CCBF /* Headers */,
				905FB83614CC73CE00A3CCBF /* Resources */,
			);
			buildRules = (
			);
			dependencies = (
				905FB8CF14CC749D00A3CCBF /* PBXTargetDependency */,
			);
			name = CNURLShrinky;
			productName = CNURLShrinky;
			productReference = 905FB83814CC73CE00A3CCBF /* CNURLShrinky.framework */;
			productType = "com.apple.product-type.framework";
		};
		905FB84814CC73CE00A3CCBF /* CNURLShrinkyTests */ = {
			isa = PBXNativeTarget;
			buildConfigurationList = 905FB85B14CC73CE00A3CCBF /* Build configuration list for PBXNativeTarget "CNURLShrinkyTests" */;
			buildPhases = (
				905FB84414CC73CE00A3CCBF /* Sources */,
				905FB84514CC73CE00A3CCBF /* Frameworks */,
				905FB84614CC73CE00A3CCBF /* Resources */,
				905FB84714CC73CE00A3CCBF /* ShellScript */,
			);
			buildRules = (
			);
			dependencies = (
				905FB84D14CC73CE00A3CCBF /* PBXTargetDependency */,
			);
			name = CNURLShrinkyTests;
			productName = CNURLShrinkyTests;
			productReference = 905FB84914CC73CE00A3CCBF /* CNURLShrinkyTests.octest */;
			productType = "com.apple.product-type.bundle";
		};
/* End PBXNativeTarget section */

/* Begin PBXProject section */
		905FB6BB14CB213400A3CCBF /* Project object */ = {
			isa = PBXProject;
			attributes = {
				LastUpgradeCheck = 0420;
			};
			buildConfigurationList = 905FB6BE14CB213400A3CCBF /* Build configuration list for PBXProject "CNURLShrinky" */;
			compatibilityVersion = "Xcode 3.2";
			developmentRegion = English;
			hasScannedForEncodings = 0;
			knownRegions = (
				en,
			);
			mainGroup = 905FB6B914CB213400A3CCBF;
			productRefGroup = 905FB6C514CB213400A3CCBF /* Products */;
			projectDirPath = "";
			projectReferences = (
				{
					ProductGroup = 905FB86314CC749200A3CCBF /* Products */;
					ProjectRef = 905FB86214CC749200A3CCBF /* MKNetworkKit-iOS-Demo.xcodeproj */;
				},
				{
					ProductGroup = 905FB8A614CC749200A3CCBF /* Products */;
					ProjectRef = 905FB8A514CC749200A3CCBF /* MKNetworkKit-iOS.xcodeproj */;
				},
				{
					ProductGroup = 905FB88A14CC749200A3CCBF /* Products */;
					ProjectRef = 905FB88914CC749200A3CCBF /* MKNetworkKit-OSX-Demo.xcodeproj */;
				},
				{
					ProductGroup = 905FB8AC14CC749200A3CCBF /* Products */;
					ProjectRef = 905FB8AB14CC749200A3CCBF /* MKNetworkKit-OSX.xcodeproj */;
				},
			);
			projectRoot = "";
			targets = (
				905FB6F914CB21FA00A3CCBF /* CNURLShrinky-iOS */,
				905FB70714CB21FA00A3CCBF /* CNURLShrinky-iOSTests */,
				905FB83714CC73CE00A3CCBF /* CNURLShrinky */,
				905FB84814CC73CE00A3CCBF /* CNURLShrinkyTests */,
			);
		};
/* End PBXProject section */

/* Begin PBXReferenceProxy section */
		905FB8C414CC749200A3CCBF /* MKNetworkKit-iOS-Demo.app */ = {
			isa = PBXReferenceProxy;
			fileType = wrapper.application;
			path = "MKNetworkKit-iOS-Demo.app";
			remoteRef = 905FB8C314CC749200A3CCBF /* PBXContainerItemProxy */;
			sourceTree = BUILT_PRODUCTS_DIR;
		};
		905FB8C714CC749200A3CCBF /* libMKNetworkKit-iOS.a */ = {
			isa = PBXReferenceProxy;
			fileType = archive.ar;
			path = "libMKNetworkKit-iOS.a";
			remoteRef = 905FB8C614CC749200A3CCBF /* PBXContainerItemProxy */;
			sourceTree = BUILT_PRODUCTS_DIR;
		};
		905FB8CA14CC749200A3CCBF /* MKNetworkKit-OSX-Demo.app */ = {
			isa = PBXReferenceProxy;
			fileType = wrapper.application;
			path = "MKNetworkKit-OSX-Demo.app";
			remoteRef = 905FB8C914CC749200A3CCBF /* PBXContainerItemProxy */;
			sourceTree = BUILT_PRODUCTS_DIR;
		};
		905FB8CD14CC749200A3CCBF /* libMKNetworkKit-OSX.a */ = {
			isa = PBXReferenceProxy;
			fileType = archive.ar;
			path = "libMKNetworkKit-OSX.a";
			remoteRef = 905FB8CC14CC749200A3CCBF /* PBXContainerItemProxy */;
			sourceTree = BUILT_PRODUCTS_DIR;
		};
/* End PBXReferenceProxy section */

/* Begin PBXResourcesBuildPhase section */
		905FB70514CB21FA00A3CCBF /* Resources */ = {
			isa = PBXResourcesBuildPhase;
			buildActionMask = 2147483647;
			files = (
				905FB71514CB21FA00A3CCBF /* InfoPlist.strings in Resources */,
				905FB8FE14CC825E00A3CCBF /* CHANGELOG.md in Resources */,
				905FB90714CC825E00A3CCBF /* README.md in Resources */,
				90A2565214CF062000A04E1D /* _template.plist in Resources */,
				90A2565714CF08D600A04E1D /* isgd.plist in Resources */,
				90A2565A14CF08D600A04E1D /* tinyurl.plist in Resources */,
			);
			runOnlyForDeploymentPostprocessing = 0;
		};
		905FB83614CC73CE00A3CCBF /* Resources */ = {
			isa = PBXResourcesBuildPhase;
			buildActionMask = 2147483647;
			files = (
				905FB8E814CC7C9100A3CCBF /* InfoPlist.strings in Resources */,
				90A2565314CF062000A04E1D /* _template.plist in Resources */,
				90A2565814CF08D600A04E1D /* isgd.plist in Resources */,
				90A2565B14CF08D600A04E1D /* tinyurl.plist in Resources */,
			);
			runOnlyForDeploymentPostprocessing = 0;
		};
		905FB84614CC73CE00A3CCBF /* Resources */ = {
			isa = PBXResourcesBuildPhase;
			buildActionMask = 2147483647;
			files = (
				905FB85414CC73CE00A3CCBF /* InfoPlist.strings in Resources */,
				905FB90014CC825E00A3CCBF /* CHANGELOG.md in Resources */,
				905FB90914CC825E00A3CCBF /* README.md in Resources */,
				90A2565414CF062000A04E1D /* _template.plist in Resources */,
				90A2565914CF08D600A04E1D /* isgd.plist in Resources */,
				90A2565C14CF08D600A04E1D /* tinyurl.plist in Resources */,
			);
			runOnlyForDeploymentPostprocessing = 0;
		};
/* End PBXResourcesBuildPhase section */

/* Begin PBXShellScriptBuildPhase section */
		905FB70614CB21FA00A3CCBF /* ShellScript */ = {
			isa = PBXShellScriptBuildPhase;
			buildActionMask = 2147483647;
			files = (
			);
			inputPaths = (
			);
			outputPaths = (
			);
			runOnlyForDeploymentPostprocessing = 0;
			shellPath = /bin/sh;
			shellScript = "# Run the unit tests in this test bundle.\n\"${SYSTEM_DEVELOPER_DIR}/Tools/RunUnitTests\"\n";
		};
		905FB84714CC73CE00A3CCBF /* ShellScript */ = {
			isa = PBXShellScriptBuildPhase;
			buildActionMask = 2147483647;
			files = (
			);
			inputPaths = (
			);
			outputPaths = (
			);
			runOnlyForDeploymentPostprocessing = 0;
			shellPath = /bin/sh;
			shellScript = "# Run the unit tests in this test bundle.\n\"${SYSTEM_DEVELOPER_DIR}/Tools/RunUnitTests\"\n";
		};
/* End PBXShellScriptBuildPhase section */

/* Begin PBXSourcesBuildPhase section */
		905FB6F614CB21FA00A3CCBF /* Sources */ = {
			isa = PBXSourcesBuildPhase;
			buildActionMask = 2147483647;
			files = (
				905FB7E814CB284900A3CCBF /* CNURLShrinky_iOS.m in Sources */,
				905FB8E314CC7B4000A3CCBF /* CNURLShrinkController.m in Sources */,
				905FB8F514CC7E7300A3CCBF /* CNURLShrinker.m in Sources */,
				905FB90314CC825E00A3CCBF /* JSONKit.m in Sources */,
				905FB90F14CC847A00A3CCBF /* GDataXMLNode.m in Sources */,
				90A2564C14CF041C00A04E1D /* CNShinkerData.m in Sources */,
			);
			runOnlyForDeploymentPostprocessing = 0;
		};
		905FB70314CB21FA00A3CCBF /* Sources */ = {
			isa = PBXSourcesBuildPhase;
			buildActionMask = 2147483647;
			files = (
				905FB71814CB21FA00A3CCBF /* CNURLShrinky_iOSTests.m in Sources */,
				905FB8F614CC7E7300A3CCBF /* CNURLShrinker.m in Sources */,
				905FB90414CC825E00A3CCBF /* JSONKit.m in Sources */,
				905FB91014CC847A00A3CCBF /* GDataXMLNode.m in Sources */,
				90A2564D14CF041C00A04E1D /* CNShinkerData.m in Sources */,
			);
			runOnlyForDeploymentPostprocessing = 0;
		};
		905FB83314CC73CE00A3CCBF /* Sources */ = {
			isa = PBXSourcesBuildPhase;
			buildActionMask = 2147483647;
			files = (
				905FB84314CC73CE00A3CCBF /* CNURLShrinky.m in Sources */,
				905FB8E414CC7B4000A3CCBF /* CNURLShrinkController.m in Sources */,
				905FB8F714CC7E7300A3CCBF /* CNURLShrinker.m in Sources */,
				905FB90514CC825E00A3CCBF /* JSONKit.m in Sources */,
				905FB91114CC847A00A3CCBF /* GDataXMLNode.m in Sources */,
				90A2564E14CF041C00A04E1D /* CNShinkerData.m in Sources */,
			);
			runOnlyForDeploymentPostprocessing = 0;
		};
		905FB84414CC73CE00A3CCBF /* Sources */ = {
			isa = PBXSourcesBuildPhase;
			buildActionMask = 2147483647;
			files = (
				905FB85714CC73CE00A3CCBF /* CNURLShrinkyTests.m in Sources */,
				905FB8F814CC7E7300A3CCBF /* CNURLShrinker.m in Sources */,
				905FB90614CC825E00A3CCBF /* JSONKit.m in Sources */,
				905FB91214CC847A00A3CCBF /* GDataXMLNode.m in Sources */,
				90A2564F14CF041C00A04E1D /* CNShinkerData.m in Sources */,
			);
			runOnlyForDeploymentPostprocessing = 0;
		};
/* End PBXSourcesBuildPhase section */

/* Begin PBXTargetDependency section */
		905FB70E14CB21FA00A3CCBF /* PBXTargetDependency */ = {
			isa = PBXTargetDependency;
			target = 905FB6F914CB21FA00A3CCBF /* CNURLShrinky-iOS */;
			targetProxy = 905FB70D14CB21FA00A3CCBF /* PBXContainerItemProxy */;
		};
		905FB84D14CC73CE00A3CCBF /* PBXTargetDependency */ = {
			isa = PBXTargetDependency;
			target = 905FB83714CC73CE00A3CCBF /* CNURLShrinky */;
			targetProxy = 905FB84C14CC73CE00A3CCBF /* PBXContainerItemProxy */;
		};
		905FB8CF14CC749D00A3CCBF /* PBXTargetDependency */ = {
			isa = PBXTargetDependency;
			name = "MKNetworkKit-OSX";
			targetProxy = 905FB8CE14CC749D00A3CCBF /* PBXContainerItemProxy */;
		};
		905FB8D314CC74AC00A3CCBF /* PBXTargetDependency */ = {
			isa = PBXTargetDependency;
			name = "MKNetworkKit-iOS";
			targetProxy = 905FB8D214CC74AC00A3CCBF /* PBXContainerItemProxy */;
		};
/* End PBXTargetDependency section */

/* Begin PBXVariantGroup section */
		905FB71314CB21FA00A3CCBF /* InfoPlist.strings */ = {
			isa = PBXVariantGroup;
			children = (
				905FB71414CB21FA00A3CCBF /* en */,
			);
			name = InfoPlist.strings;
			sourceTree = "<group>";
		};
		905FB85214CC73CE00A3CCBF /* InfoPlist.strings */ = {
			isa = PBXVariantGroup;
			children = (
				905FB85314CC73CE00A3CCBF /* en */,
			);
			name = InfoPlist.strings;
			sourceTree = "<group>";
		};
		905FB86A14CC749200A3CCBF /* InfoPlist.strings */ = {
			isa = PBXVariantGroup;
			children = (
				905FB86B14CC749200A3CCBF /* en */,
			);
			name = InfoPlist.strings;
			sourceTree = "<group>";
		};
		905FB86C14CC749200A3CCBF /* MainStoryboard.storyboard */ = {
			isa = PBXVariantGroup;
			children = (
				905FB86D14CC749200A3CCBF /* en */,
			);
			name = MainStoryboard.storyboard;
			sourceTree = "<group>";
		};
		905FB88014CC749200A3CCBF /* Credits.rtf */ = {
			isa = PBXVariantGroup;
			children = (
				905FB88114CC749200A3CCBF /* en */,
			);
			name = Credits.rtf;
			sourceTree = "<group>";
		};
		905FB88214CC749200A3CCBF /* InfoPlist.strings */ = {
			isa = PBXVariantGroup;
			children = (
				905FB88314CC749200A3CCBF /* en */,
			);
			name = InfoPlist.strings;
			sourceTree = "<group>";
		};
		905FB88414CC749200A3CCBF /* MainMenu.xib */ = {
			isa = PBXVariantGroup;
			children = (
				905FB88514CC749200A3CCBF /* en */,
			);
			name = MainMenu.xib;
			sourceTree = "<group>";
		};
		905FB8E614CC7C9100A3CCBF /* InfoPlist.strings */ = {
			isa = PBXVariantGroup;
			children = (
				905FB8E714CC7C9100A3CCBF /* en */,
			);
			name = InfoPlist.strings;
			sourceTree = "<group>";
		};
/* End PBXVariantGroup section */

/* Begin XCBuildConfiguration section */
		905FB6E814CB213500A3CCBF /* Debug */ = {
			isa = XCBuildConfiguration;
			buildSettings = {
				ALWAYS_SEARCH_USER_PATHS = NO;
				ARCHS = "$(ARCHS_STANDARD_64_BIT)";
				CLANG_ENABLE_OBJC_ARC = YES;
				COPY_PHASE_STRIP = NO;
				GCC_C_LANGUAGE_STANDARD = gnu99;
				GCC_DYNAMIC_NO_PIC = NO;
				GCC_ENABLE_OBJC_EXCEPTIONS = YES;
				GCC_OPTIMIZATION_LEVEL = 0;
				GCC_PREPROCESSOR_DEFINITIONS = (
					"DEBUG=1",
					"$(inherited)",
				);
				GCC_SYMBOLS_PRIVATE_EXTERN = NO;
				GCC_VERSION = com.apple.compilers.llvm.clang.1_0;
				GCC_WARN_64_TO_32_BIT_CONVERSION = YES;
				GCC_WARN_ABOUT_MISSING_PROTOTYPES = YES;
				GCC_WARN_ABOUT_RETURN_TYPE = YES;
				GCC_WARN_UNUSED_VARIABLE = YES;
				HEADER_SEARCH_PATHS = /usr/include/libxml2;
				LIBRARY_SEARCH_PATHS = "";
				MACOSX_DEPLOYMENT_TARGET = 10.6;
				ONLY_ACTIVE_ARCH = YES;
				OTHER_LDFLAGS = "-lxml2";
				SDKROOT = macosx;
			};
			name = Debug;
		};
		905FB6E914CB213500A3CCBF /* Release */ = {
			isa = XCBuildConfiguration;
			buildSettings = {
				ALWAYS_SEARCH_USER_PATHS = NO;
				ARCHS = "$(ARCHS_STANDARD_64_BIT)";
				CLANG_ENABLE_OBJC_ARC = YES;
				COPY_PHASE_STRIP = YES;
				DEBUG_INFORMATION_FORMAT = "dwarf-with-dsym";
				GCC_C_LANGUAGE_STANDARD = gnu99;
				GCC_ENABLE_OBJC_EXCEPTIONS = YES;
				GCC_VERSION = com.apple.compilers.llvm.clang.1_0;
				GCC_WARN_64_TO_32_BIT_CONVERSION = YES;
				GCC_WARN_ABOUT_MISSING_PROTOTYPES = YES;
				GCC_WARN_ABOUT_RETURN_TYPE = YES;
				GCC_WARN_UNUSED_VARIABLE = YES;
				HEADER_SEARCH_PATHS = /usr/include/libxml2;
				LIBRARY_SEARCH_PATHS = "";
				MACOSX_DEPLOYMENT_TARGET = 10.6;
				OTHER_LDFLAGS = "-lxml2";
				SDKROOT = macosx;
			};
			name = Release;
		};
		905FB71A14CB21FA00A3CCBF /* Debug */ = {
			isa = XCBuildConfiguration;
			buildSettings = {
				ARCHS = "$(ARCHS_STANDARD_32_BIT)";
				DSTROOT = /tmp/CNURLShrinky_iOS.dst;
				GCC_PRECOMPILE_PREFIX_HEADER = YES;
				GCC_PREFIX_HEADER = "CNURLShrinky-iOS/CNURLShrinky-iOS-Prefix.pch";
				IPHONEOS_DEPLOYMENT_TARGET = 4.2;
				OTHER_LDFLAGS = "-ObjC";
				PRODUCT_NAME = "$(TARGET_NAME)";
				SDKROOT = iphoneos;
				SKIP_INSTALL = YES;
				TARGETED_DEVICE_FAMILY = "1,2";
			};
			name = Debug;
		};
		905FB71B14CB21FA00A3CCBF /* Release */ = {
			isa = XCBuildConfiguration;
			buildSettings = {
				ARCHS = "$(ARCHS_STANDARD_32_BIT)";
				DSTROOT = /tmp/CNURLShrinky_iOS.dst;
				GCC_PRECOMPILE_PREFIX_HEADER = YES;
				GCC_PREFIX_HEADER = "CNURLShrinky-iOS/CNURLShrinky-iOS-Prefix.pch";
				IPHONEOS_DEPLOYMENT_TARGET = 4.2;
				OTHER_LDFLAGS = "-ObjC";
				PRODUCT_NAME = "$(TARGET_NAME)";
				SDKROOT = iphoneos;
				SKIP_INSTALL = YES;
				TARGETED_DEVICE_FAMILY = "1,2";
				VALIDATE_PRODUCT = YES;
			};
			name = Release;
		};
		905FB71D14CB21FA00A3CCBF /* Debug */ = {
			isa = XCBuildConfiguration;
			buildSettings = {
				ARCHS = "$(ARCHS_STANDARD_32_BIT)";
				FRAMEWORK_SEARCH_PATHS = (
					"$(SDKROOT)/Developer/Library/Frameworks",
					"$(DEVELOPER_LIBRARY_DIR)/Frameworks",
				);
				GCC_PRECOMPILE_PREFIX_HEADER = YES;
				GCC_PREFIX_HEADER = "CNURLShrinky-iOS/CNURLShrinky-iOS-Prefix.pch";
				INFOPLIST_FILE = "CNURLShrinky-iOSTests/CNURLShrinky-iOSTests-Info.plist";
				IPHONEOS_DEPLOYMENT_TARGET = 5.0;
				PRODUCT_NAME = "$(TARGET_NAME)";
				SDKROOT = iphoneos;
				WRAPPER_EXTENSION = octest;
			};
			name = Debug;
		};
		905FB71E14CB21FA00A3CCBF /* Release */ = {
			isa = XCBuildConfiguration;
			buildSettings = {
				ARCHS = "$(ARCHS_STANDARD_32_BIT)";
				FRAMEWORK_SEARCH_PATHS = (
					"$(SDKROOT)/Developer/Library/Frameworks",
					"$(DEVELOPER_LIBRARY_DIR)/Frameworks",
				);
				GCC_PRECOMPILE_PREFIX_HEADER = YES;
				GCC_PREFIX_HEADER = "CNURLShrinky-iOS/CNURLShrinky-iOS-Prefix.pch";
				INFOPLIST_FILE = "CNURLShrinky-iOSTests/CNURLShrinky-iOSTests-Info.plist";
				IPHONEOS_DEPLOYMENT_TARGET = 5.0;
				PRODUCT_NAME = "$(TARGET_NAME)";
				SDKROOT = iphoneos;
				VALIDATE_PRODUCT = YES;
				WRAPPER_EXTENSION = octest;
			};
			name = Release;
		};
		905FB85914CC73CE00A3CCBF /* Debug */ = {
			isa = XCBuildConfiguration;
			buildSettings = {
				DYLIB_COMPATIBILITY_VERSION = 1;
				DYLIB_CURRENT_VERSION = 1;
				FRAMEWORK_VERSION = A;
				GCC_PRECOMPILE_PREFIX_HEADER = YES;
				GCC_PREFIX_HEADER = "CNURLShrinky/CNURLShrinky-Prefix.pch";
				INFOPLIST_FILE = "CNURLShrinky/CNURLShrinky-Info.plist";
				PRODUCT_NAME = "$(TARGET_NAME)";
				WRAPPER_EXTENSION = framework;
			};
			name = Debug;
		};
		905FB85A14CC73CE00A3CCBF /* Release */ = {
			isa = XCBuildConfiguration;
			buildSettings = {
				DYLIB_COMPATIBILITY_VERSION = 1;
				DYLIB_CURRENT_VERSION = 1;
				FRAMEWORK_VERSION = A;
				GCC_PRECOMPILE_PREFIX_HEADER = YES;
				GCC_PREFIX_HEADER = "CNURLShrinky/CNURLShrinky-Prefix.pch";
				INFOPLIST_FILE = "CNURLShrinky/CNURLShrinky-Info.plist";
				PRODUCT_NAME = "$(TARGET_NAME)";
				WRAPPER_EXTENSION = framework;
			};
			name = Release;
		};
		905FB85C14CC73CE00A3CCBF /* Debug */ = {
			isa = XCBuildConfiguration;
			buildSettings = {
				FRAMEWORK_SEARCH_PATHS = "$(DEVELOPER_LIBRARY_DIR)/Frameworks";
				GCC_PRECOMPILE_PREFIX_HEADER = YES;
				GCC_PREFIX_HEADER = "CNURLShrinky/CNURLShrinky-Prefix.pch";
				INFOPLIST_FILE = "CNURLShrinkyTests/CNURLShrinkyTests-Info.plist";
				PRODUCT_NAME = "$(TARGET_NAME)";
				WRAPPER_EXTENSION = octest;
			};
			name = Debug;
		};
		905FB85D14CC73CE00A3CCBF /* Release */ = {
			isa = XCBuildConfiguration;
			buildSettings = {
				FRAMEWORK_SEARCH_PATHS = "$(DEVELOPER_LIBRARY_DIR)/Frameworks";
				GCC_PRECOMPILE_PREFIX_HEADER = YES;
				GCC_PREFIX_HEADER = "CNURLShrinky/CNURLShrinky-Prefix.pch";
				INFOPLIST_FILE = "CNURLShrinkyTests/CNURLShrinkyTests-Info.plist";
				PRODUCT_NAME = "$(TARGET_NAME)";
				WRAPPER_EXTENSION = octest;
			};
			name = Release;
		};
/* End XCBuildConfiguration section */

/* Begin XCConfigurationList section */
		905FB6BE14CB213400A3CCBF /* Build configuration list for PBXProject "CNURLShrinky" */ = {
			isa = XCConfigurationList;
			buildConfigurations = (
				905FB6E814CB213500A3CCBF /* Debug */,
				905FB6E914CB213500A3CCBF /* Release */,
			);
			defaultConfigurationIsVisible = 0;
			defaultConfigurationName = Release;
		};
		905FB71914CB21FA00A3CCBF /* Build configuration list for PBXNativeTarget "CNURLShrinky-iOS" */ = {
			isa = XCConfigurationList;
			buildConfigurations = (
				905FB71A14CB21FA00A3CCBF /* Debug */,
				905FB71B14CB21FA00A3CCBF /* Release */,
			);
			defaultConfigurationIsVisible = 0;
			defaultConfigurationName = Release;
		};
		905FB71C14CB21FA00A3CCBF /* Build configuration list for PBXNativeTarget "CNURLShrinky-iOSTests" */ = {
			isa = XCConfigurationList;
			buildConfigurations = (
				905FB71D14CB21FA00A3CCBF /* Debug */,
				905FB71E14CB21FA00A3CCBF /* Release */,
			);
			defaultConfigurationIsVisible = 0;
			defaultConfigurationName = Release;
		};
		905FB85814CC73CE00A3CCBF /* Build configuration list for PBXNativeTarget "CNURLShrinky" */ = {
			isa = XCConfigurationList;
			buildConfigurations = (
				905FB85914CC73CE00A3CCBF /* Debug */,
				905FB85A14CC73CE00A3CCBF /* Release */,
			);
			defaultConfigurationIsVisible = 0;
			defaultConfigurationName = Release;
		};
		905FB85B14CC73CE00A3CCBF /* Build configuration list for PBXNativeTarget "CNURLShrinkyTests" */ = {
			isa = XCConfigurationList;
			buildConfigurations = (
				905FB85C14CC73CE00A3CCBF /* Debug */,
				905FB85D14CC73CE00A3CCBF /* Release */,
			);
			defaultConfigurationIsVisible = 0;
			defaultConfigurationName = Release;
		};
/* End XCConfigurationList section */
	};
	rootObject = 905FB6BB14CB213400A3CCBF /* Project object */;
}
