// !$*UTF8*$!
{
	archiveVersion = 1;
	classes = {
	};
	objectVersion = 46;
	objects = {

/* Begin PBXBuildFile section */
		905FB6C814CB213500A3CCBF /* Cocoa.framework in Frameworks */ = {isa = PBXBuildFile; fileRef = 905FB6C714CB213500A3CCBF /* Cocoa.framework */; };
		905FB6D214CB213500A3CCBF /* CNURLShrinky.m in Sources */ = {isa = PBXBuildFile; fileRef = 905FB6D114CB213500A3CCBF /* CNURLShrinky.m */; };
		905FB6DA14CB213500A3CCBF /* SenTestingKit.framework in Frameworks */ = {isa = PBXBuildFile; fileRef = 905FB6D914CB213500A3CCBF /* SenTestingKit.framework */; };
		905FB6DB14CB213500A3CCBF /* Cocoa.framework in Frameworks */ = {isa = PBXBuildFile; fileRef = 905FB6C714CB213500A3CCBF /* Cocoa.framework */; };
		905FB6DE14CB213500A3CCBF /* libCNURLShrinky.a in Frameworks */ = {isa = PBXBuildFile; fileRef = 905FB6C414CB213400A3CCBF /* libCNURLShrinky.a */; };
		905FB6E414CB213500A3CCBF /* InfoPlist.strings in Resources */ = {isa = PBXBuildFile; fileRef = 905FB6E214CB213500A3CCBF /* InfoPlist.strings */; };
		905FB6E714CB213500A3CCBF /* CNURLShrinkyTests.m in Sources */ = {isa = PBXBuildFile; fileRef = 905FB6E614CB213500A3CCBF /* CNURLShrinkyTests.m */; };
		905FB6FC14CB21FA00A3CCBF /* Foundation.framework in Frameworks */ = {isa = PBXBuildFile; fileRef = 905FB6FB14CB21FA00A3CCBF /* Foundation.framework */; };
		905FB70914CB21FA00A3CCBF /* SenTestingKit.framework in Frameworks */ = {isa = PBXBuildFile; fileRef = 905FB6D914CB213500A3CCBF /* SenTestingKit.framework */; };
		905FB70B14CB21FA00A3CCBF /* UIKit.framework in Frameworks */ = {isa = PBXBuildFile; fileRef = 905FB70A14CB21FA00A3CCBF /* UIKit.framework */; };
		905FB70C14CB21FA00A3CCBF /* Foundation.framework in Frameworks */ = {isa = PBXBuildFile; fileRef = 905FB6FB14CB21FA00A3CCBF /* Foundation.framework */; };
		905FB70F14CB21FA00A3CCBF /* libCNURLShrinky-iOS.a in Frameworks */ = {isa = PBXBuildFile; fileRef = 905FB6FA14CB21FA00A3CCBF /* libCNURLShrinky-iOS.a */; };
		905FB71514CB21FA00A3CCBF /* InfoPlist.strings in Resources */ = {isa = PBXBuildFile; fileRef = 905FB71314CB21FA00A3CCBF /* InfoPlist.strings */; };
		905FB71814CB21FA00A3CCBF /* CNURLShrinky_iOSTests.m in Sources */ = {isa = PBXBuildFile; fileRef = 905FB71714CB21FA00A3CCBF /* CNURLShrinky_iOSTests.m */; };
		905FB7E414CB27B800A3CCBF /* CNURLShrinky.h in Headers */ = {isa = PBXBuildFile; fileRef = 905FB6D014CB213500A3CCBF /* CNURLShrinky.h */; settings = {ATTRIBUTES = (Public, ); }; };
		905FB7E814CB284900A3CCBF /* CNURLShrinky_iOS.m in Sources */ = {isa = PBXBuildFile; fileRef = 905FB70114CB21FA00A3CCBF /* CNURLShrinky_iOS.m */; };
		905FB7E914CB284B00A3CCBF /* CNURLShrinky_iOS.h in Headers */ = {isa = PBXBuildFile; fileRef = 905FB70014CB21FA00A3CCBF /* CNURLShrinky_iOS.h */; settings = {ATTRIBUTES = (Public, ); }; };
/* End PBXBuildFile section */

/* Begin PBXContainerItemProxy section */
		905FB6DC14CB213500A3CCBF /* PBXContainerItemProxy */ = {
			isa = PBXContainerItemProxy;
			containerPortal = 905FB6BB14CB213400A3CCBF /* Project object */;
			proxyType = 1;
			remoteGlobalIDString = 905FB6C314CB213400A3CCBF;
			remoteInfo = CNURLShrinky;
		};
		905FB70D14CB21FA00A3CCBF /* PBXContainerItemProxy */ = {
			isa = PBXContainerItemProxy;
			containerPortal = 905FB6BB14CB213400A3CCBF /* Project object */;
			proxyType = 1;
			remoteGlobalIDString = 905FB6F914CB21FA00A3CCBF;
			remoteInfo = "CNURLShrinky-iOS";
		};
		905FB7D714CB233000A3CCBF /* PBXContainerItemProxy */ = {
			isa = PBXContainerItemProxy;
			containerPortal = 905FB72414CB233000A3CCBF /* MKNetworkKit-iOS-Demo.xcodeproj */;
			proxyType = 2;
			remoteGlobalIDString = AB74B0BD1467CC120088BF09;
			remoteInfo = "MKNetworkKit-iOS-Demo";
		};
		905FB7DA14CB233000A3CCBF /* PBXContainerItemProxy */ = {
			isa = PBXContainerItemProxy;
			containerPortal = 905FB76714CB233000A3CCBF /* MKNetworkKit-iOS.xcodeproj */;
			proxyType = 2;
			remoteGlobalIDString = ABB5C25C148B3AE00056D3E9;
			remoteInfo = "MKNetworkKit-iOS";
		};
		905FB7DD14CB233000A3CCBF /* PBXContainerItemProxy */ = {
			isa = PBXContainerItemProxy;
			containerPortal = 905FB74B14CB233000A3CCBF /* MKNetworkKit-OSX-Demo.xcodeproj */;
			proxyType = 2;
			remoteGlobalIDString = ABA53C0C148F0D6A00809400;
			remoteInfo = "MKNetworkKit-OSX-Demo";
		};
		905FB7E014CB233000A3CCBF /* PBXContainerItemProxy */ = {
			isa = PBXContainerItemProxy;
			containerPortal = 905FB76D14CB233000A3CCBF /* MKNetworkKit-OSX.xcodeproj */;
			proxyType = 2;
			remoteGlobalIDString = ABB5C277148B3B010056D3E9;
			remoteInfo = "MKNetworkKit-OSX";
		};
		905FB7E214CB262600A3CCBF /* PBXContainerItemProxy */ = {
			isa = PBXContainerItemProxy;
			containerPortal = 905FB76D14CB233000A3CCBF /* MKNetworkKit-OSX.xcodeproj */;
			proxyType = 1;
			remoteGlobalIDString = ABB5C276148B3B010056D3E9;
			remoteInfo = "MKNetworkKit-OSX";
		};
		905FB7E614CB284100A3CCBF /* PBXContainerItemProxy */ = {
			isa = PBXContainerItemProxy;
			containerPortal = 905FB76714CB233000A3CCBF /* MKNetworkKit-iOS.xcodeproj */;
			proxyType = 1;
			remoteGlobalIDString = ABB5C25B148B3AE00056D3E9;
			remoteInfo = "MKNetworkKit-iOS";
		};
/* End PBXContainerItemProxy section */

/* Begin PBXFileReference section */
		905FB6C414CB213400A3CCBF /* libCNURLShrinky.a */ = {isa = PBXFileReference; explicitFileType = archive.ar; includeInIndex = 0; path = libCNURLShrinky.a; sourceTree = BUILT_PRODUCTS_DIR; };
		905FB6C714CB213500A3CCBF /* Cocoa.framework */ = {isa = PBXFileReference; lastKnownFileType = wrapper.framework; name = Cocoa.framework; path = System/Library/Frameworks/Cocoa.framework; sourceTree = SDKROOT; };
		905FB6CA14CB213500A3CCBF /* AppKit.framework */ = {isa = PBXFileReference; lastKnownFileType = wrapper.framework; name = AppKit.framework; path = System/Library/Frameworks/AppKit.framework; sourceTree = SDKROOT; };
		905FB6CB14CB213500A3CCBF /* CoreData.framework */ = {isa = PBXFileReference; lastKnownFileType = wrapper.framework; name = CoreData.framework; path = System/Library/Frameworks/CoreData.framework; sourceTree = SDKROOT; };
		905FB6CC14CB213500A3CCBF /* Foundation.framework */ = {isa = PBXFileReference; lastKnownFileType = wrapper.framework; name = Foundation.framework; path = System/Library/Frameworks/Foundation.framework; sourceTree = SDKROOT; };
		905FB6CF14CB213500A3CCBF /* CNURLShrinky-Prefix.pch */ = {isa = PBXFileReference; lastKnownFileType = sourcecode.c.h; path = "CNURLShrinky-Prefix.pch"; sourceTree = "<group>"; };
		905FB6D014CB213500A3CCBF /* CNURLShrinky.h */ = {isa = PBXFileReference; lastKnownFileType = sourcecode.c.h; lineEnding = 0; path = CNURLShrinky.h; sourceTree = "<group>"; xcLanguageSpecificationIdentifier = xcode.lang.objcpp; };
		905FB6D114CB213500A3CCBF /* CNURLShrinky.m */ = {isa = PBXFileReference; lastKnownFileType = sourcecode.c.objc; lineEnding = 0; path = CNURLShrinky.m; sourceTree = "<group>"; xcLanguageSpecificationIdentifier = xcode.lang.objc; };
		905FB6D814CB213500A3CCBF /* CNURLShrinkyTests.octest */ = {isa = PBXFileReference; explicitFileType = wrapper.cfbundle; includeInIndex = 0; path = CNURLShrinkyTests.octest; sourceTree = BUILT_PRODUCTS_DIR; };
		905FB6D914CB213500A3CCBF /* SenTestingKit.framework */ = {isa = PBXFileReference; lastKnownFileType = wrapper.framework; name = SenTestingKit.framework; path = Library/Frameworks/SenTestingKit.framework; sourceTree = DEVELOPER_DIR; };
		905FB6E114CB213500A3CCBF /* CNURLShrinkyTests-Info.plist */ = {isa = PBXFileReference; lastKnownFileType = text.plist.xml; path = "CNURLShrinkyTests-Info.plist"; sourceTree = "<group>"; };
		905FB6E314CB213500A3CCBF /* en */ = {isa = PBXFileReference; lastKnownFileType = text.plist.strings; name = en; path = en.lproj/InfoPlist.strings; sourceTree = "<group>"; };
		905FB6E514CB213500A3CCBF /* CNURLShrinkyTests.h */ = {isa = PBXFileReference; lastKnownFileType = sourcecode.c.h; path = CNURLShrinkyTests.h; sourceTree = "<group>"; };
		905FB6E614CB213500A3CCBF /* CNURLShrinkyTests.m */ = {isa = PBXFileReference; lastKnownFileType = sourcecode.c.objc; path = CNURLShrinkyTests.m; sourceTree = "<group>"; };
		905FB6FA14CB21FA00A3CCBF /* libCNURLShrinky-iOS.a */ = {isa = PBXFileReference; explicitFileType = archive.ar; includeInIndex = 0; path = "libCNURLShrinky-iOS.a"; sourceTree = BUILT_PRODUCTS_DIR; };
		905FB6FB14CB21FA00A3CCBF /* Foundation.framework */ = {isa = PBXFileReference; lastKnownFileType = wrapper.framework; name = Foundation.framework; path = System/Library/Frameworks/Foundation.framework; sourceTree = SDKROOT; };
		905FB6FF14CB21FA00A3CCBF /* CNURLShrinky-iOS-Prefix.pch */ = {isa = PBXFileReference; lastKnownFileType = sourcecode.c.h; path = "CNURLShrinky-iOS-Prefix.pch"; sourceTree = "<group>"; };
		905FB70014CB21FA00A3CCBF /* CNURLShrinky_iOS.h */ = {isa = PBXFileReference; lastKnownFileType = sourcecode.c.h; lineEnding = 0; path = CNURLShrinky_iOS.h; sourceTree = "<group>"; xcLanguageSpecificationIdentifier = xcode.lang.objcpp; };
		905FB70114CB21FA00A3CCBF /* CNURLShrinky_iOS.m */ = {isa = PBXFileReference; lastKnownFileType = sourcecode.c.objc; path = CNURLShrinky_iOS.m; sourceTree = "<group>"; };
		905FB70814CB21FA00A3CCBF /* CNURLShrinky-iOSTests.octest */ = {isa = PBXFileReference; explicitFileType = wrapper.cfbundle; includeInIndex = 0; path = "CNURLShrinky-iOSTests.octest"; sourceTree = BUILT_PRODUCTS_DIR; };
		905FB70A14CB21FA00A3CCBF /* UIKit.framework */ = {isa = PBXFileReference; lastKnownFileType = wrapper.framework; name = UIKit.framework; path = Library/Frameworks/UIKit.framework; sourceTree = DEVELOPER_DIR; };
		905FB71214CB21FA00A3CCBF /* CNURLShrinky-iOSTests-Info.plist */ = {isa = PBXFileReference; lastKnownFileType = text.plist.xml; path = "CNURLShrinky-iOSTests-Info.plist"; sourceTree = "<group>"; };
		905FB71414CB21FA00A3CCBF /* en */ = {isa = PBXFileReference; lastKnownFileType = text.plist.strings; name = en; path = en.lproj/InfoPlist.strings; sourceTree = "<group>"; };
		905FB71614CB21FA00A3CCBF /* CNURLShrinky_iOSTests.h */ = {isa = PBXFileReference; lastKnownFileType = sourcecode.c.h; path = CNURLShrinky_iOSTests.h; sourceTree = "<group>"; };
		905FB71714CB21FA00A3CCBF /* CNURLShrinky_iOSTests.m */ = {isa = PBXFileReference; lastKnownFileType = sourcecode.c.objc; path = CNURLShrinky_iOSTests.m; sourceTree = "<group>"; };
		905FB72114CB233000A3CCBF /* .gitignore */ = {isa = PBXFileReference; fileEncoding = 4; lastKnownFileType = text; path = .gitignore; sourceTree = "<group>"; };
		905FB72314CB233000A3CCBF /* client.p12 */ = {isa = PBXFileReference; lastKnownFileType = file; path = client.p12; sourceTree = "<group>"; };
		905FB72414CB233000A3CCBF /* MKNetworkKit-iOS-Demo.xcodeproj */ = {isa = PBXFileReference; lastKnownFileType = "wrapper.pb-project"; path = "MKNetworkKit-iOS-Demo.xcodeproj"; sourceTree = "<group>"; };
		905FB72814CB233000A3CCBF /* AppDelegate.h */ = {isa = PBXFileReference; fileEncoding = 4; lastKnownFileType = sourcecode.c.h; path = AppDelegate.h; sourceTree = "<group>"; };
		905FB72914CB233000A3CCBF /* AppDelegate.m */ = {isa = PBXFileReference; fileEncoding = 4; lastKnownFileType = sourcecode.c.objc; path = AppDelegate.m; sourceTree = "<group>"; };
		905FB72A14CB233000A3CCBF /* AuthTestEngine.h */ = {isa = PBXFileReference; fileEncoding = 4; lastKnownFileType = sourcecode.c.h; path = AuthTestEngine.h; sourceTree = "<group>"; };
		905FB72B14CB233000A3CCBF /* AuthTestEngine.m */ = {isa = PBXFileReference; fileEncoding = 4; lastKnownFileType = sourcecode.c.objc; path = AuthTestEngine.m; sourceTree = "<group>"; };
		905FB72D14CB233000A3CCBF /* en */ = {isa = PBXFileReference; lastKnownFileType = text.plist.strings; name = en; path = en.lproj/InfoPlist.strings; sourceTree = "<group>"; };
		905FB72F14CB233000A3CCBF /* en */ = {isa = PBXFileReference; lastKnownFileType = file.storyboard; name = en; path = en.lproj/MainStoryboard.storyboard; sourceTree = "<group>"; };
		905FB73014CB233000A3CCBF /* ExampleDownloader.h */ = {isa = PBXFileReference; fileEncoding = 4; lastKnownFileType = sourcecode.c.h; path = ExampleDownloader.h; sourceTree = "<group>"; };
		905FB73114CB233000A3CCBF /* ExampleDownloader.m */ = {isa = PBXFileReference; fileEncoding = 4; lastKnownFileType = sourcecode.c.objc; path = ExampleDownloader.m; sourceTree = "<group>"; };
		905FB73214CB233000A3CCBF /* ExamplePost.h */ = {isa = PBXFileReference; fileEncoding = 4; lastKnownFileType = sourcecode.c.h; path = ExamplePost.h; sourceTree = "<group>"; };
		905FB73314CB233000A3CCBF /* ExamplePost.m */ = {isa = PBXFileReference; fileEncoding = 4; lastKnownFileType = sourcecode.c.objc; path = ExamplePost.m; sourceTree = "<group>"; };
		905FB73414CB233000A3CCBF /* ExampleUploader.h */ = {isa = PBXFileReference; fileEncoding = 4; lastKnownFileType = sourcecode.c.h; path = ExampleUploader.h; sourceTree = "<group>"; };
		905FB73514CB233000A3CCBF /* ExampleUploader.m */ = {isa = PBXFileReference; fileEncoding = 4; lastKnownFileType = sourcecode.c.objc; path = ExampleUploader.m; sourceTree = "<group>"; };
		905FB73614CB233000A3CCBF /* main.m */ = {isa = PBXFileReference; fileEncoding = 4; lastKnownFileType = sourcecode.c.objc; path = main.m; sourceTree = "<group>"; };
		905FB73714CB233000A3CCBF /* MKNetworkKit-iOS-Demo-Info.plist */ = {isa = PBXFileReference; fileEncoding = 4; lastKnownFileType = text.plist.xml; path = "MKNetworkKit-iOS-Demo-Info.plist"; sourceTree = "<group>"; };
		905FB73814CB233000A3CCBF /* MKNetworkKit-iOS-Demo-Prefix.pch */ = {isa = PBXFileReference; fileEncoding = 4; lastKnownFileType = sourcecode.c.h; path = "MKNetworkKit-iOS-Demo-Prefix.pch"; sourceTree = "<group>"; };
		905FB73914CB233000A3CCBF /* ViewController.h */ = {isa = PBXFileReference; fileEncoding = 4; lastKnownFileType = sourcecode.c.h; path = ViewController.h; sourceTree = "<group>"; };
		905FB73A14CB233000A3CCBF /* ViewController.m */ = {isa = PBXFileReference; fileEncoding = 4; lastKnownFileType = sourcecode.c.objc; path = ViewController.m; sourceTree = "<group>"; };
		905FB73B14CB233000A3CCBF /* YahooEngine.h */ = {isa = PBXFileReference; fileEncoding = 4; lastKnownFileType = sourcecode.c.h; path = YahooEngine.h; sourceTree = "<group>"; };
		905FB73C14CB233000A3CCBF /* YahooEngine.m */ = {isa = PBXFileReference; fileEncoding = 4; lastKnownFileType = sourcecode.c.objc; path = YahooEngine.m; sourceTree = "<group>"; };
		905FB74014CB233000A3CCBF /* AppDelegate.h */ = {isa = PBXFileReference; fileEncoding = 4; lastKnownFileType = sourcecode.c.h; path = AppDelegate.h; sourceTree = "<group>"; };
		905FB74114CB233000A3CCBF /* AppDelegate.m */ = {isa = PBXFileReference; fileEncoding = 4; lastKnownFileType = sourcecode.c.objc; path = AppDelegate.m; sourceTree = "<group>"; };
		905FB74314CB233000A3CCBF /* en */ = {isa = PBXFileReference; lastKnownFileType = text.rtf; name = en; path = en.lproj/Credits.rtf; sourceTree = "<group>"; };
		905FB74514CB233000A3CCBF /* en */ = {isa = PBXFileReference; lastKnownFileType = text.plist.strings; name = en; path = en.lproj/InfoPlist.strings; sourceTree = "<group>"; };
		905FB74714CB233000A3CCBF /* en */ = {isa = PBXFileReference; lastKnownFileType = file.xib; name = en; path = en.lproj/MainMenu.xib; sourceTree = "<group>"; };
		905FB74814CB233000A3CCBF /* main.m */ = {isa = PBXFileReference; fileEncoding = 4; lastKnownFileType = sourcecode.c.objc; path = main.m; sourceTree = "<group>"; };
		905FB74914CB233000A3CCBF /* MKNetworkKit-OSX-Demo-Info.plist */ = {isa = PBXFileReference; fileEncoding = 4; lastKnownFileType = text.plist.xml; path = "MKNetworkKit-OSX-Demo-Info.plist"; sourceTree = "<group>"; };
		905FB74A14CB233000A3CCBF /* MKNetworkKit-OSX-Demo-Prefix.pch */ = {isa = PBXFileReference; fileEncoding = 4; lastKnownFileType = sourcecode.c.h; path = "MKNetworkKit-OSX-Demo-Prefix.pch"; sourceTree = "<group>"; };
		905FB74B14CB233000A3CCBF /* MKNetworkKit-OSX-Demo.xcodeproj */ = {isa = PBXFileReference; lastKnownFileType = "wrapper.pb-project"; path = "MKNetworkKit-OSX-Demo.xcodeproj"; sourceTree = "<group>"; };
		905FB75014CB233000A3CCBF /* NSAlert+MKNetworkKitAdditions.h */ = {isa = PBXFileReference; fileEncoding = 4; lastKnownFileType = sourcecode.c.h; path = "NSAlert+MKNetworkKitAdditions.h"; sourceTree = "<group>"; };
		905FB75114CB233000A3CCBF /* NSAlert+MKNetworkKitAdditions.m */ = {isa = PBXFileReference; fileEncoding = 4; lastKnownFileType = sourcecode.c.objc; path = "NSAlert+MKNetworkKitAdditions.m"; sourceTree = "<group>"; };
		905FB75214CB233000A3CCBF /* NSData+Base64.h */ = {isa = PBXFileReference; fileEncoding = 4; lastKnownFileType = sourcecode.c.h; path = "NSData+Base64.h"; sourceTree = "<group>"; };
		905FB75314CB233000A3CCBF /* NSData+Base64.m */ = {isa = PBXFileReference; fileEncoding = 4; lastKnownFileType = sourcecode.c.objc; path = "NSData+Base64.m"; sourceTree = "<group>"; };
		905FB75414CB233000A3CCBF /* NSDate+RFC1123.h */ = {isa = PBXFileReference; fileEncoding = 4; lastKnownFileType = sourcecode.c.h; path = "NSDate+RFC1123.h"; sourceTree = "<group>"; };
		905FB75514CB233000A3CCBF /* NSDate+RFC1123.m */ = {isa = PBXFileReference; fileEncoding = 4; lastKnownFileType = sourcecode.c.objc; path = "NSDate+RFC1123.m"; sourceTree = "<group>"; };
		905FB75614CB233000A3CCBF /* NSDictionary+RequestEncoding.h */ = {isa = PBXFileReference; fileEncoding = 4; lastKnownFileType = sourcecode.c.h; path = "NSDictionary+RequestEncoding.h"; sourceTree = "<group>"; };
		905FB75714CB233000A3CCBF /* NSDictionary+RequestEncoding.m */ = {isa = PBXFileReference; fileEncoding = 4; lastKnownFileType = sourcecode.c.objc; path = "NSDictionary+RequestEncoding.m"; sourceTree = "<group>"; };
		905FB75814CB233000A3CCBF /* NSString+MKNetworkKitAdditions.h */ = {isa = PBXFileReference; fileEncoding = 4; lastKnownFileType = sourcecode.c.h; path = "NSString+MKNetworkKitAdditions.h"; sourceTree = "<group>"; };
		905FB75914CB233000A3CCBF /* NSString+MKNetworkKitAdditions.m */ = {isa = PBXFileReference; fileEncoding = 4; lastKnownFileType = sourcecode.c.objc; path = "NSString+MKNetworkKitAdditions.m"; sourceTree = "<group>"; };
		905FB75A14CB233000A3CCBF /* UIAlertView+MKNetworkKitAdditions.h */ = {isa = PBXFileReference; fileEncoding = 4; lastKnownFileType = sourcecode.c.h; path = "UIAlertView+MKNetworkKitAdditions.h"; sourceTree = "<group>"; };
		905FB75B14CB233000A3CCBF /* UIAlertView+MKNetworkKitAdditions.m */ = {isa = PBXFileReference; fileEncoding = 4; lastKnownFileType = sourcecode.c.objc; path = "UIAlertView+MKNetworkKitAdditions.m"; sourceTree = "<group>"; };
		905FB75C14CB233000A3CCBF /* MKNetworkEngine.h */ = {isa = PBXFileReference; fileEncoding = 4; lastKnownFileType = sourcecode.c.h; path = MKNetworkEngine.h; sourceTree = "<group>"; };
		905FB75D14CB233000A3CCBF /* MKNetworkEngine.m */ = {isa = PBXFileReference; fileEncoding = 4; lastKnownFileType = sourcecode.c.objc; path = MKNetworkEngine.m; sourceTree = "<group>"; };
		905FB75E14CB233000A3CCBF /* MKNetworkKit.h */ = {isa = PBXFileReference; fileEncoding = 4; lastKnownFileType = sourcecode.c.h; path = MKNetworkKit.h; sourceTree = "<group>"; };
		905FB75F14CB233000A3CCBF /* MKNetworkOperation.h */ = {isa = PBXFileReference; fileEncoding = 4; lastKnownFileType = sourcecode.c.h; path = MKNetworkOperation.h; sourceTree = "<group>"; };
		905FB76014CB233000A3CCBF /* MKNetworkOperation.m */ = {isa = PBXFileReference; fileEncoding = 4; lastKnownFileType = sourcecode.c.objc; path = MKNetworkOperation.m; sourceTree = "<group>"; };
		905FB76214CB233000A3CCBF /* Reachability.h */ = {isa = PBXFileReference; fileEncoding = 4; lastKnownFileType = sourcecode.c.h; path = Reachability.h; sourceTree = "<group>"; };
		905FB76314CB233000A3CCBF /* Reachability.m */ = {isa = PBXFileReference; fileEncoding = 4; lastKnownFileType = sourcecode.c.objc; path = Reachability.m; sourceTree = "<group>"; };
		905FB76614CB233000A3CCBF /* MKNetworkKit-iOS-Prefix.pch */ = {isa = PBXFileReference; fileEncoding = 4; lastKnownFileType = sourcecode.c.h; path = "MKNetworkKit-iOS-Prefix.pch"; sourceTree = "<group>"; };
		905FB76714CB233000A3CCBF /* MKNetworkKit-iOS.xcodeproj */ = {isa = PBXFileReference; lastKnownFileType = "wrapper.pb-project"; path = "MKNetworkKit-iOS.xcodeproj"; sourceTree = "<group>"; };
		905FB76C14CB233000A3CCBF /* MKNetworkKit-OSX-Prefix.pch */ = {isa = PBXFileReference; fileEncoding = 4; lastKnownFileType = sourcecode.c.h; path = "MKNetworkKit-OSX-Prefix.pch"; sourceTree = "<group>"; };
		905FB76D14CB233000A3CCBF /* MKNetworkKit-OSX.xcodeproj */ = {isa = PBXFileReference; lastKnownFileType = "wrapper.pb-project"; path = "MKNetworkKit-OSX.xcodeproj"; sourceTree = "<group>"; };
		905FB77014CB233000A3CCBF /* MKNetworkKit.xcworkspace */ = {isa = PBXFileReference; lastKnownFileType = wrapper.workspace; path = MKNetworkKit.xcworkspace; sourceTree = "<group>"; };
		905FB77114CB233000A3CCBF /* README.mdown */ = {isa = PBXFileReference; fileEncoding = 4; lastKnownFileType = text; path = README.mdown; sourceTree = "<group>"; };
		905FB77214CB233000A3CCBF /* SampleImage.jpg */ = {isa = PBXFileReference; lastKnownFileType = image.jpeg; path = SampleImage.jpg; sourceTree = "<group>"; };
		905FB77414CB233000A3CCBF /* basic_auth.php */ = {isa = PBXFileReference; fileEncoding = 4; lastKnownFileType = text.script.php; path = basic_auth.php; sourceTree = "<group>"; };
		905FB77514CB233000A3CCBF /* digest_auth.php */ = {isa = PBXFileReference; fileEncoding = 4; lastKnownFileType = text.script.php; path = digest_auth.php; sourceTree = "<group>"; };
/* End PBXFileReference section */

/* Begin PBXFrameworksBuildPhase section */
		905FB6C114CB213400A3CCBF /* Frameworks */ = {
			isa = PBXFrameworksBuildPhase;
			buildActionMask = 2147483647;
			files = (
				905FB6C814CB213500A3CCBF /* Cocoa.framework in Frameworks */,
			);
			runOnlyForDeploymentPostprocessing = 0;
		};
		905FB6D414CB213500A3CCBF /* Frameworks */ = {
			isa = PBXFrameworksBuildPhase;
			buildActionMask = 2147483647;
			files = (
				905FB6DA14CB213500A3CCBF /* SenTestingKit.framework in Frameworks */,
				905FB6DB14CB213500A3CCBF /* Cocoa.framework in Frameworks */,
				905FB6DE14CB213500A3CCBF /* libCNURLShrinky.a in Frameworks */,
			);
			runOnlyForDeploymentPostprocessing = 0;
		};
		905FB6F714CB21FA00A3CCBF /* Frameworks */ = {
			isa = PBXFrameworksBuildPhase;
			buildActionMask = 2147483647;
			files = (
				905FB6FC14CB21FA00A3CCBF /* Foundation.framework in Frameworks */,
			);
			runOnlyForDeploymentPostprocessing = 0;
		};
		905FB70414CB21FA00A3CCBF /* Frameworks */ = {
			isa = PBXFrameworksBuildPhase;
			buildActionMask = 2147483647;
			files = (
				905FB70914CB21FA00A3CCBF /* SenTestingKit.framework in Frameworks */,
				905FB70B14CB21FA00A3CCBF /* UIKit.framework in Frameworks */,
				905FB70C14CB21FA00A3CCBF /* Foundation.framework in Frameworks */,
				905FB70F14CB21FA00A3CCBF /* libCNURLShrinky-iOS.a in Frameworks */,
			);
			runOnlyForDeploymentPostprocessing = 0;
		};
/* End PBXFrameworksBuildPhase section */

/* Begin PBXGroup section */
		905FB6B914CB213400A3CCBF = {
			isa = PBXGroup;
			children = (
				905FB71F14CB220500A3CCBF /* Tests */,
				905FB6F514CB21DC00A3CCBF /* lib */,
				905FB6CD14CB213500A3CCBF /* CNURLShrinky */,
				905FB6FD14CB21FA00A3CCBF /* CNURLShrinky-iOS */,
				905FB6C614CB213400A3CCBF /* Frameworks */,
				905FB6C514CB213400A3CCBF /* Products */,
			);
			sourceTree = "<group>";
		};
		905FB6C514CB213400A3CCBF /* Products */ = {
			isa = PBXGroup;
			children = (
				905FB6C414CB213400A3CCBF /* libCNURLShrinky.a */,
				905FB6D814CB213500A3CCBF /* CNURLShrinkyTests.octest */,
				905FB6FA14CB21FA00A3CCBF /* libCNURLShrinky-iOS.a */,
				905FB70814CB21FA00A3CCBF /* CNURLShrinky-iOSTests.octest */,
			);
			name = Products;
			sourceTree = "<group>";
		};
		905FB6C614CB213400A3CCBF /* Frameworks */ = {
			isa = PBXGroup;
			children = (
				905FB6C714CB213500A3CCBF /* Cocoa.framework */,
				905FB6D914CB213500A3CCBF /* SenTestingKit.framework */,
				905FB6FB14CB21FA00A3CCBF /* Foundation.framework */,
				905FB70A14CB21FA00A3CCBF /* UIKit.framework */,
				905FB6C914CB213500A3CCBF /* Other Frameworks */,
			);
			name = Frameworks;
			sourceTree = "<group>";
		};
		905FB6C914CB213500A3CCBF /* Other Frameworks */ = {
			isa = PBXGroup;
			children = (
				905FB6CA14CB213500A3CCBF /* AppKit.framework */,
				905FB6CB14CB213500A3CCBF /* CoreData.framework */,
				905FB6CC14CB213500A3CCBF /* Foundation.framework */,
			);
			name = "Other Frameworks";
			sourceTree = "<group>";
		};
		905FB6CD14CB213500A3CCBF /* CNURLShrinky */ = {
			isa = PBXGroup;
			children = (
				905FB6D014CB213500A3CCBF /* CNURLShrinky.h */,
				905FB6D114CB213500A3CCBF /* CNURLShrinky.m */,
				905FB6CE14CB213500A3CCBF /* Supporting Files */,
			);
			path = CNURLShrinky;
			sourceTree = "<group>";
		};
		905FB6CE14CB213500A3CCBF /* Supporting Files */ = {
			isa = PBXGroup;
			children = (
				905FB6CF14CB213500A3CCBF /* CNURLShrinky-Prefix.pch */,
			);
			name = "Supporting Files";
			sourceTree = "<group>";
		};
		905FB6DF14CB213500A3CCBF /* CNURLShrinkyTests */ = {
			isa = PBXGroup;
			children = (
				905FB6E514CB213500A3CCBF /* CNURLShrinkyTests.h */,
				905FB6E614CB213500A3CCBF /* CNURLShrinkyTests.m */,
				905FB6E014CB213500A3CCBF /* Supporting Files */,
			);
			path = CNURLShrinkyTests;
			sourceTree = "<group>";
		};
		905FB6E014CB213500A3CCBF /* Supporting Files */ = {
			isa = PBXGroup;
			children = (
				905FB6E114CB213500A3CCBF /* CNURLShrinkyTests-Info.plist */,
				905FB6E214CB213500A3CCBF /* InfoPlist.strings */,
			);
			name = "Supporting Files";
			sourceTree = "<group>";
		};
		905FB6F514CB21DC00A3CCBF /* lib */ = {
			isa = PBXGroup;
			children = (
				905FB72014CB233000A3CCBF /* MKNetworkKit */,
			);
			path = lib;
			sourceTree = "<group>";
		};
		905FB6FD14CB21FA00A3CCBF /* CNURLShrinky-iOS */ = {
			isa = PBXGroup;
			children = (
				905FB70014CB21FA00A3CCBF /* CNURLShrinky_iOS.h */,
				905FB70114CB21FA00A3CCBF /* CNURLShrinky_iOS.m */,
				905FB6FE14CB21FA00A3CCBF /* Supporting Files */,
			);
			path = "CNURLShrinky-iOS";
			sourceTree = "<group>";
		};
		905FB6FE14CB21FA00A3CCBF /* Supporting Files */ = {
			isa = PBXGroup;
			children = (
				905FB6FF14CB21FA00A3CCBF /* CNURLShrinky-iOS-Prefix.pch */,
			);
			name = "Supporting Files";
			sourceTree = "<group>";
		};
		905FB71014CB21FA00A3CCBF /* CNURLShrinky-iOSTests */ = {
			isa = PBXGroup;
			children = (
				905FB71614CB21FA00A3CCBF /* CNURLShrinky_iOSTests.h */,
				905FB71714CB21FA00A3CCBF /* CNURLShrinky_iOSTests.m */,
				905FB71114CB21FA00A3CCBF /* Supporting Files */,
			);
			path = "CNURLShrinky-iOSTests";
			sourceTree = "<group>";
		};
		905FB71114CB21FA00A3CCBF /* Supporting Files */ = {
			isa = PBXGroup;
			children = (
				905FB71214CB21FA00A3CCBF /* CNURLShrinky-iOSTests-Info.plist */,
				905FB71314CB21FA00A3CCBF /* InfoPlist.strings */,
			);
			name = "Supporting Files";
			sourceTree = "<group>";
		};
		905FB71F14CB220500A3CCBF /* Tests */ = {
			isa = PBXGroup;
			children = (
				905FB71014CB21FA00A3CCBF /* CNURLShrinky-iOSTests */,
				905FB6DF14CB213500A3CCBF /* CNURLShrinkyTests */,
			);
			name = Tests;
			sourceTree = "<group>";
		};
		905FB72014CB233000A3CCBF /* MKNetworkKit */ = {
			isa = PBXGroup;
			children = (
				905FB72114CB233000A3CCBF /* .gitignore */,
				905FB72214CB233000A3CCBF /* iOS-Demo */,
				905FB73D14CB233000A3CCBF /* Mac-Demo */,
				905FB74E14CB233000A3CCBF /* MKNetworkKit */,
				905FB76414CB233000A3CCBF /* MKNetworkKit-iOS */,
				905FB76A14CB233000A3CCBF /* MKNetworkKit-OSX */,
				905FB77014CB233000A3CCBF /* MKNetworkKit.xcworkspace */,
				905FB77114CB233000A3CCBF /* README.mdown */,
				905FB77214CB233000A3CCBF /* SampleImage.jpg */,
				905FB77314CB233000A3CCBF /* ServerTests */,
			);
			path = MKNetworkKit;
			sourceTree = "<group>";
		};
		905FB72214CB233000A3CCBF /* iOS-Demo */ = {
			isa = PBXGroup;
			children = (
				905FB72314CB233000A3CCBF /* client.p12 */,
				905FB72414CB233000A3CCBF /* MKNetworkKit-iOS-Demo.xcodeproj */,
				905FB72714CB233000A3CCBF /* MKNetworkKitDemo */,
			);
			path = "iOS-Demo";
			sourceTree = "<group>";
		};
		905FB72514CB233000A3CCBF /* Products */ = {
			isa = PBXGroup;
			children = (
				905FB7D814CB233000A3CCBF /* MKNetworkKit-iOS-Demo.app */,
			);
			name = Products;
			sourceTree = "<group>";
		};
		905FB72714CB233000A3CCBF /* MKNetworkKitDemo */ = {
			isa = PBXGroup;
			children = (
				905FB72814CB233000A3CCBF /* AppDelegate.h */,
				905FB72914CB233000A3CCBF /* AppDelegate.m */,
				905FB72A14CB233000A3CCBF /* AuthTestEngine.h */,
				905FB72B14CB233000A3CCBF /* AuthTestEngine.m */,
				905FB72C14CB233000A3CCBF /* InfoPlist.strings */,
				905FB72E14CB233000A3CCBF /* MainStoryboard.storyboard */,
				905FB73014CB233000A3CCBF /* ExampleDownloader.h */,
				905FB73114CB233000A3CCBF /* ExampleDownloader.m */,
				905FB73214CB233000A3CCBF /* ExamplePost.h */,
				905FB73314CB233000A3CCBF /* ExamplePost.m */,
				905FB73414CB233000A3CCBF /* ExampleUploader.h */,
				905FB73514CB233000A3CCBF /* ExampleUploader.m */,
				905FB73614CB233000A3CCBF /* main.m */,
				905FB73714CB233000A3CCBF /* MKNetworkKit-iOS-Demo-Info.plist */,
				905FB73814CB233000A3CCBF /* MKNetworkKit-iOS-Demo-Prefix.pch */,
				905FB73914CB233000A3CCBF /* ViewController.h */,
				905FB73A14CB233000A3CCBF /* ViewController.m */,
				905FB73B14CB233000A3CCBF /* YahooEngine.h */,
				905FB73C14CB233000A3CCBF /* YahooEngine.m */,
			);
			path = MKNetworkKitDemo;
			sourceTree = "<group>";
		};
		905FB73D14CB233000A3CCBF /* Mac-Demo */ = {
			isa = PBXGroup;
			children = (
				905FB73E14CB233000A3CCBF /* MKNetworkKit-OSX-Demo */,
			);
			path = "Mac-Demo";
			sourceTree = "<group>";
		};
		905FB73E14CB233000A3CCBF /* MKNetworkKit-OSX-Demo */ = {
			isa = PBXGroup;
			children = (
				905FB73F14CB233000A3CCBF /* MKNetworkKit-OSX-Demo */,
				905FB74B14CB233000A3CCBF /* MKNetworkKit-OSX-Demo.xcodeproj */,
			);
			path = "MKNetworkKit-OSX-Demo";
			sourceTree = "<group>";
		};
		905FB73F14CB233000A3CCBF /* MKNetworkKit-OSX-Demo */ = {
			isa = PBXGroup;
			children = (
				905FB74014CB233000A3CCBF /* AppDelegate.h */,
				905FB74114CB233000A3CCBF /* AppDelegate.m */,
				905FB74214CB233000A3CCBF /* Credits.rtf */,
				905FB74414CB233000A3CCBF /* InfoPlist.strings */,
				905FB74614CB233000A3CCBF /* MainMenu.xib */,
				905FB74814CB233000A3CCBF /* main.m */,
				905FB74914CB233000A3CCBF /* MKNetworkKit-OSX-Demo-Info.plist */,
				905FB74A14CB233000A3CCBF /* MKNetworkKit-OSX-Demo-Prefix.pch */,
			);
			path = "MKNetworkKit-OSX-Demo";
			sourceTree = "<group>";
		};
		905FB74C14CB233000A3CCBF /* Products */ = {
			isa = PBXGroup;
			children = (
				905FB7DE14CB233000A3CCBF /* MKNetworkKit-OSX-Demo.app */,
			);
			name = Products;
			sourceTree = "<group>";
		};
		905FB74E14CB233000A3CCBF /* MKNetworkKit */ = {
			isa = PBXGroup;
			children = (
				905FB74F14CB233000A3CCBF /* Categories */,
				905FB75C14CB233000A3CCBF /* MKNetworkEngine.h */,
				905FB75D14CB233000A3CCBF /* MKNetworkEngine.m */,
				905FB75E14CB233000A3CCBF /* MKNetworkKit.h */,
				905FB75F14CB233000A3CCBF /* MKNetworkOperation.h */,
				905FB76014CB233000A3CCBF /* MKNetworkOperation.m */,
				905FB76114CB233000A3CCBF /* Reachability */,
			);
			path = MKNetworkKit;
			sourceTree = "<group>";
		};
		905FB74F14CB233000A3CCBF /* Categories */ = {
			isa = PBXGroup;
			children = (
				905FB75014CB233000A3CCBF /* NSAlert+MKNetworkKitAdditions.h */,
				905FB75114CB233000A3CCBF /* NSAlert+MKNetworkKitAdditions.m */,
				905FB75214CB233000A3CCBF /* NSData+Base64.h */,
				905FB75314CB233000A3CCBF /* NSData+Base64.m */,
				905FB75414CB233000A3CCBF /* NSDate+RFC1123.h */,
				905FB75514CB233000A3CCBF /* NSDate+RFC1123.m */,
				905FB75614CB233000A3CCBF /* NSDictionary+RequestEncoding.h */,
				905FB75714CB233000A3CCBF /* NSDictionary+RequestEncoding.m */,
				905FB75814CB233000A3CCBF /* NSString+MKNetworkKitAdditions.h */,
				905FB75914CB233000A3CCBF /* NSString+MKNetworkKitAdditions.m */,
				905FB75A14CB233000A3CCBF /* UIAlertView+MKNetworkKitAdditions.h */,
				905FB75B14CB233000A3CCBF /* UIAlertView+MKNetworkKitAdditions.m */,
			);
			path = Categories;
			sourceTree = "<group>";
		};
		905FB76114CB233000A3CCBF /* Reachability */ = {
			isa = PBXGroup;
			children = (
				905FB76214CB233000A3CCBF /* Reachability.h */,
				905FB76314CB233000A3CCBF /* Reachability.m */,
			);
			path = Reachability;
			sourceTree = "<group>";
		};
		905FB76414CB233000A3CCBF /* MKNetworkKit-iOS */ = {
			isa = PBXGroup;
			children = (
				905FB76514CB233000A3CCBF /* MKNetworkKit-iOS */,
				905FB76714CB233000A3CCBF /* MKNetworkKit-iOS.xcodeproj */,
			);
			path = "MKNetworkKit-iOS";
			sourceTree = "<group>";
		};
		905FB76514CB233000A3CCBF /* MKNetworkKit-iOS */ = {
			isa = PBXGroup;
			children = (
				905FB76614CB233000A3CCBF /* MKNetworkKit-iOS-Prefix.pch */,
			);
			path = "MKNetworkKit-iOS";
			sourceTree = "<group>";
		};
		905FB76814CB233000A3CCBF /* Products */ = {
			isa = PBXGroup;
			children = (
				905FB7DB14CB233000A3CCBF /* libMKNetworkKit-iOS.a */,
			);
			name = Products;
			sourceTree = "<group>";
		};
		905FB76A14CB233000A3CCBF /* MKNetworkKit-OSX */ = {
			isa = PBXGroup;
			children = (
				905FB76B14CB233000A3CCBF /* MKNetworkKit-OSX */,
				905FB76D14CB233000A3CCBF /* MKNetworkKit-OSX.xcodeproj */,
			);
			path = "MKNetworkKit-OSX";
			sourceTree = "<group>";
		};
		905FB76B14CB233000A3CCBF /* MKNetworkKit-OSX */ = {
			isa = PBXGroup;
			children = (
				905FB76C14CB233000A3CCBF /* MKNetworkKit-OSX-Prefix.pch */,
			);
			path = "MKNetworkKit-OSX";
			sourceTree = "<group>";
		};
		905FB76E14CB233000A3CCBF /* Products */ = {
			isa = PBXGroup;
			children = (
				905FB7E114CB233000A3CCBF /* libMKNetworkKit-OSX.a */,
			);
			name = Products;
			sourceTree = "<group>";
		};
		905FB77314CB233000A3CCBF /* ServerTests */ = {
			isa = PBXGroup;
			children = (
				905FB77414CB233000A3CCBF /* basic_auth.php */,
				905FB77514CB233000A3CCBF /* digest_auth.php */,
			);
			path = ServerTests;
			sourceTree = "<group>";
		};
/* End PBXGroup section */

/* Begin PBXHeadersBuildPhase section */
		905FB6C214CB213400A3CCBF /* Headers */ = {
			isa = PBXHeadersBuildPhase;
			buildActionMask = 2147483647;
			files = (
				905FB7E414CB27B800A3CCBF /* CNURLShrinky.h in Headers */,
			);
			runOnlyForDeploymentPostprocessing = 0;
		};
		905FB6F814CB21FA00A3CCBF /* Headers */ = {
			isa = PBXHeadersBuildPhase;
			buildActionMask = 2147483647;
			files = (
				905FB7E914CB284B00A3CCBF /* CNURLShrinky_iOS.h in Headers */,
			);
			runOnlyForDeploymentPostprocessing = 0;
		};
/* End PBXHeadersBuildPhase section */

/* Begin PBXNativeTarget section */
		905FB6C314CB213400A3CCBF /* CNURLShrinky */ = {
			isa = PBXNativeTarget;
			buildConfigurationList = 905FB6EA14CB213500A3CCBF /* Build configuration list for PBXNativeTarget "CNURLShrinky" */;
			buildPhases = (
				905FB6C014CB213400A3CCBF /* Sources */,
				905FB6C114CB213400A3CCBF /* Frameworks */,
				905FB6C214CB213400A3CCBF /* Headers */,
			);
			buildRules = (
			);
			dependencies = (
				905FB7E314CB262600A3CCBF /* PBXTargetDependency */,
			);
			name = CNURLShrinky;
			productName = CNURLShrinky;
			productReference = 905FB6C414CB213400A3CCBF /* libCNURLShrinky.a */;
			productType = "com.apple.product-type.library.static";
		};
		905FB6D714CB213500A3CCBF /* CNURLShrinkyTests */ = {
			isa = PBXNativeTarget;
			buildConfigurationList = 905FB6ED14CB213500A3CCBF /* Build configuration list for PBXNativeTarget "CNURLShrinkyTests" */;
			buildPhases = (
				905FB6D314CB213500A3CCBF /* Sources */,
				905FB6D414CB213500A3CCBF /* Frameworks */,
				905FB6D514CB213500A3CCBF /* Resources */,
				905FB6D614CB213500A3CCBF /* ShellScript */,
			);
			buildRules = (
			);
			dependencies = (
				905FB6DD14CB213500A3CCBF /* PBXTargetDependency */,
			);
			name = CNURLShrinkyTests;
			productName = CNURLShrinkyTests;
			productReference = 905FB6D814CB213500A3CCBF /* CNURLShrinkyTests.octest */;
			productType = "com.apple.product-type.bundle";
		};
		905FB6F914CB21FA00A3CCBF /* CNURLShrinky-iOS */ = {
			isa = PBXNativeTarget;
			buildConfigurationList = 905FB71914CB21FA00A3CCBF /* Build configuration list for PBXNativeTarget "CNURLShrinky-iOS" */;
			buildPhases = (
				905FB6F614CB21FA00A3CCBF /* Sources */,
				905FB6F714CB21FA00A3CCBF /* Frameworks */,
				905FB6F814CB21FA00A3CCBF /* Headers */,
			);
			buildRules = (
			);
			dependencies = (
				905FB7E714CB284100A3CCBF /* PBXTargetDependency */,
			);
			name = "CNURLShrinky-iOS";
			productName = "CNURLShrinky-iOS";
			productReference = 905FB6FA14CB21FA00A3CCBF /* libCNURLShrinky-iOS.a */;
			productType = "com.apple.product-type.library.static";
		};
		905FB70714CB21FA00A3CCBF /* CNURLShrinky-iOSTests */ = {
			isa = PBXNativeTarget;
			buildConfigurationList = 905FB71C14CB21FA00A3CCBF /* Build configuration list for PBXNativeTarget "CNURLShrinky-iOSTests" */;
			buildPhases = (
				905FB70314CB21FA00A3CCBF /* Sources */,
				905FB70414CB21FA00A3CCBF /* Frameworks */,
				905FB70514CB21FA00A3CCBF /* Resources */,
				905FB70614CB21FA00A3CCBF /* ShellScript */,
			);
			buildRules = (
			);
			dependencies = (
				905FB70E14CB21FA00A3CCBF /* PBXTargetDependency */,
			);
			name = "CNURLShrinky-iOSTests";
			productName = "CNURLShrinky-iOSTests";
			productReference = 905FB70814CB21FA00A3CCBF /* CNURLShrinky-iOSTests.octest */;
			productType = "com.apple.product-type.bundle";
		};
/* End PBXNativeTarget section */

/* Begin PBXProject section */
		905FB6BB14CB213400A3CCBF /* Project object */ = {
			isa = PBXProject;
			attributes = {
				LastUpgradeCheck = 0420;
			};
			buildConfigurationList = 905FB6BE14CB213400A3CCBF /* Build configuration list for PBXProject "CNURLShrinky" */;
			compatibilityVersion = "Xcode 3.2";
			developmentRegion = English;
			hasScannedForEncodings = 0;
			knownRegions = (
				en,
			);
			mainGroup = 905FB6B914CB213400A3CCBF;
			productRefGroup = 905FB6C514CB213400A3CCBF /* Products */;
			projectDirPath = "";
			projectReferences = (
				{
					ProductGroup = 905FB72514CB233000A3CCBF /* Products */;
					ProjectRef = 905FB72414CB233000A3CCBF /* MKNetworkKit-iOS-Demo.xcodeproj */;
				},
				{
					ProductGroup = 905FB76814CB233000A3CCBF /* Products */;
					ProjectRef = 905FB76714CB233000A3CCBF /* MKNetworkKit-iOS.xcodeproj */;
				},
				{
					ProductGroup = 905FB74C14CB233000A3CCBF /* Products */;
					ProjectRef = 905FB74B14CB233000A3CCBF /* MKNetworkKit-OSX-Demo.xcodeproj */;
				},
				{
					ProductGroup = 905FB76E14CB233000A3CCBF /* Products */;
					ProjectRef = 905FB76D14CB233000A3CCBF /* MKNetworkKit-OSX.xcodeproj */;
				},
			);
			projectRoot = "";
			targets = (
				905FB6C314CB213400A3CCBF /* CNURLShrinky */,
				905FB6D714CB213500A3CCBF /* CNURLShrinkyTests */,
				905FB6F914CB21FA00A3CCBF /* CNURLShrinky-iOS */,
				905FB70714CB21FA00A3CCBF /* CNURLShrinky-iOSTests */,
			);
		};
/* End PBXProject section */

/* Begin PBXReferenceProxy section */
		905FB7D814CB233000A3CCBF /* MKNetworkKit-iOS-Demo.app */ = {
			isa = PBXReferenceProxy;
			fileType = wrapper.application;
			path = "MKNetworkKit-iOS-Demo.app";
			remoteRef = 905FB7D714CB233000A3CCBF /* PBXContainerItemProxy */;
			sourceTree = BUILT_PRODUCTS_DIR;
		};
		905FB7DB14CB233000A3CCBF /* libMKNetworkKit-iOS.a */ = {
			isa = PBXReferenceProxy;
			fileType = archive.ar;
			path = "libMKNetworkKit-iOS.a";
			remoteRef = 905FB7DA14CB233000A3CCBF /* PBXContainerItemProxy */;
			sourceTree = BUILT_PRODUCTS_DIR;
		};
		905FB7DE14CB233000A3CCBF /* MKNetworkKit-OSX-Demo.app */ = {
			isa = PBXReferenceProxy;
			fileType = wrapper.application;
			path = "MKNetworkKit-OSX-Demo.app";
			remoteRef = 905FB7DD14CB233000A3CCBF /* PBXContainerItemProxy */;
			sourceTree = BUILT_PRODUCTS_DIR;
		};
		905FB7E114CB233000A3CCBF /* libMKNetworkKit-OSX.a */ = {
			isa = PBXReferenceProxy;
			fileType = archive.ar;
			path = "libMKNetworkKit-OSX.a";
			remoteRef = 905FB7E014CB233000A3CCBF /* PBXContainerItemProxy */;
			sourceTree = BUILT_PRODUCTS_DIR;
		};
/* End PBXReferenceProxy section */

/* Begin PBXResourcesBuildPhase section */
		905FB6D514CB213500A3CCBF /* Resources */ = {
			isa = PBXResourcesBuildPhase;
			buildActionMask = 2147483647;
			files = (
				905FB6E414CB213500A3CCBF /* InfoPlist.strings in Resources */,
			);
			runOnlyForDeploymentPostprocessing = 0;
		};
		905FB70514CB21FA00A3CCBF /* Resources */ = {
			isa = PBXResourcesBuildPhase;
			buildActionMask = 2147483647;
			files = (
				905FB71514CB21FA00A3CCBF /* InfoPlist.strings in Resources */,
			);
			runOnlyForDeploymentPostprocessing = 0;
		};
/* End PBXResourcesBuildPhase section */

/* Begin PBXShellScriptBuildPhase section */
		905FB6D614CB213500A3CCBF /* ShellScript */ = {
			isa = PBXShellScriptBuildPhase;
			buildActionMask = 2147483647;
			files = (
			);
			inputPaths = (
			);
			outputPaths = (
			);
			runOnlyForDeploymentPostprocessing = 0;
			shellPath = /bin/sh;
			shellScript = "# Run the unit tests in this test bundle.\n\"${SYSTEM_DEVELOPER_DIR}/Tools/RunUnitTests\"\n";
		};
		905FB70614CB21FA00A3CCBF /* ShellScript */ = {
			isa = PBXShellScriptBuildPhase;
			buildActionMask = 2147483647;
			files = (
			);
			inputPaths = (
			);
			outputPaths = (
			);
			runOnlyForDeploymentPostprocessing = 0;
			shellPath = /bin/sh;
			shellScript = "# Run the unit tests in this test bundle.\n\"${SYSTEM_DEVELOPER_DIR}/Tools/RunUnitTests\"\n";
		};
/* End PBXShellScriptBuildPhase section */

/* Begin PBXSourcesBuildPhase section */
		905FB6C014CB213400A3CCBF /* Sources */ = {
			isa = PBXSourcesBuildPhase;
			buildActionMask = 2147483647;
			files = (
				905FB6D214CB213500A3CCBF /* CNURLShrinky.m in Sources */,
			);
			runOnlyForDeploymentPostprocessing = 0;
		};
		905FB6D314CB213500A3CCBF /* Sources */ = {
			isa = PBXSourcesBuildPhase;
			buildActionMask = 2147483647;
			files = (
				905FB6E714CB213500A3CCBF /* CNURLShrinkyTests.m in Sources */,
			);
			runOnlyForDeploymentPostprocessing = 0;
		};
		905FB6F614CB21FA00A3CCBF /* Sources */ = {
			isa = PBXSourcesBuildPhase;
			buildActionMask = 2147483647;
			files = (
				905FB7E814CB284900A3CCBF /* CNURLShrinky_iOS.m in Sources */,
			);
			runOnlyForDeploymentPostprocessing = 0;
		};
		905FB70314CB21FA00A3CCBF /* Sources */ = {
			isa = PBXSourcesBuildPhase;
			buildActionMask = 2147483647;
			files = (
				905FB71814CB21FA00A3CCBF /* CNURLShrinky_iOSTests.m in Sources */,
			);
			runOnlyForDeploymentPostprocessing = 0;
		};
/* End PBXSourcesBuildPhase section */

/* Begin PBXTargetDependency section */
		905FB6DD14CB213500A3CCBF /* PBXTargetDependency */ = {
			isa = PBXTargetDependency;
			target = 905FB6C314CB213400A3CCBF /* CNURLShrinky */;
			targetProxy = 905FB6DC14CB213500A3CCBF /* PBXContainerItemProxy */;
		};
		905FB70E14CB21FA00A3CCBF /* PBXTargetDependency */ = {
			isa = PBXTargetDependency;
			target = 905FB6F914CB21FA00A3CCBF /* CNURLShrinky-iOS */;
			targetProxy = 905FB70D14CB21FA00A3CCBF /* PBXContainerItemProxy */;
		};
		905FB7E314CB262600A3CCBF /* PBXTargetDependency */ = {
			isa = PBXTargetDependency;
			name = "MKNetworkKit-OSX";
			targetProxy = 905FB7E214CB262600A3CCBF /* PBXContainerItemProxy */;
		};
		905FB7E714CB284100A3CCBF /* PBXTargetDependency */ = {
			isa = PBXTargetDependency;
			name = "MKNetworkKit-iOS";
			targetProxy = 905FB7E614CB284100A3CCBF /* PBXContainerItemProxy */;
		};
/* End PBXTargetDependency section */

/* Begin PBXVariantGroup section */
		905FB6E214CB213500A3CCBF /* InfoPlist.strings */ = {
			isa = PBXVariantGroup;
			children = (
				905FB6E314CB213500A3CCBF /* en */,
			);
			name = InfoPlist.strings;
			sourceTree = "<group>";
		};
		905FB71314CB21FA00A3CCBF /* InfoPlist.strings */ = {
			isa = PBXVariantGroup;
			children = (
				905FB71414CB21FA00A3CCBF /* en */,
			);
			name = InfoPlist.strings;
			sourceTree = "<group>";
		};
		905FB72C14CB233000A3CCBF /* InfoPlist.strings */ = {
			isa = PBXVariantGroup;
			children = (
				905FB72D14CB233000A3CCBF /* en */,
			);
			name = InfoPlist.strings;
			sourceTree = "<group>";
		};
		905FB72E14CB233000A3CCBF /* MainStoryboard.storyboard */ = {
			isa = PBXVariantGroup;
			children = (
				905FB72F14CB233000A3CCBF /* en */,
			);
			name = MainStoryboard.storyboard;
			sourceTree = "<group>";
		};
		905FB74214CB233000A3CCBF /* Credits.rtf */ = {
			isa = PBXVariantGroup;
			children = (
				905FB74314CB233000A3CCBF /* en */,
			);
			name = Credits.rtf;
			sourceTree = "<group>";
		};
		905FB74414CB233000A3CCBF /* InfoPlist.strings */ = {
			isa = PBXVariantGroup;
			children = (
				905FB74514CB233000A3CCBF /* en */,
			);
			name = InfoPlist.strings;
			sourceTree = "<group>";
		};
		905FB74614CB233000A3CCBF /* MainMenu.xib */ = {
			isa = PBXVariantGroup;
			children = (
				905FB74714CB233000A3CCBF /* en */,
			);
			name = MainMenu.xib;
			sourceTree = "<group>";
		};
/* End PBXVariantGroup section */

/* Begin XCBuildConfiguration section */
		905FB6E814CB213500A3CCBF /* Debug */ = {
			isa = XCBuildConfiguration;
			buildSettings = {
				ALWAYS_SEARCH_USER_PATHS = NO;
				ARCHS = "$(ARCHS_STANDARD_64_BIT)";
				CLANG_ENABLE_OBJC_ARC = YES;
				COPY_PHASE_STRIP = NO;
				GCC_C_LANGUAGE_STANDARD = gnu99;
				GCC_DYNAMIC_NO_PIC = NO;
				GCC_ENABLE_OBJC_EXCEPTIONS = YES;
				GCC_OPTIMIZATION_LEVEL = 0;
				GCC_PREPROCESSOR_DEFINITIONS = (
					"DEBUG=1",
					"$(inherited)",
				);
				GCC_SYMBOLS_PRIVATE_EXTERN = NO;
				GCC_VERSION = com.apple.compilers.llvm.clang.1_0;
				GCC_WARN_64_TO_32_BIT_CONVERSION = YES;
				GCC_WARN_ABOUT_MISSING_PROTOTYPES = YES;
				GCC_WARN_ABOUT_RETURN_TYPE = YES;
				GCC_WARN_UNUSED_VARIABLE = YES;
				MACOSX_DEPLOYMENT_TARGET = 10.7;
				ONLY_ACTIVE_ARCH = YES;
				SDKROOT = macosx;
			};
			name = Debug;
		};
		905FB6E914CB213500A3CCBF /* Release */ = {
			isa = XCBuildConfiguration;
			buildSettings = {
				ALWAYS_SEARCH_USER_PATHS = NO;
				ARCHS = "$(ARCHS_STANDARD_64_BIT)";
				CLANG_ENABLE_OBJC_ARC = YES;
				COPY_PHASE_STRIP = YES;
				DEBUG_INFORMATION_FORMAT = "dwarf-with-dsym";
				GCC_C_LANGUAGE_STANDARD = gnu99;
				GCC_ENABLE_OBJC_EXCEPTIONS = YES;
				GCC_VERSION = com.apple.compilers.llvm.clang.1_0;
				GCC_WARN_64_TO_32_BIT_CONVERSION = YES;
				GCC_WARN_ABOUT_MISSING_PROTOTYPES = YES;
				GCC_WARN_ABOUT_RETURN_TYPE = YES;
				GCC_WARN_UNUSED_VARIABLE = YES;
				MACOSX_DEPLOYMENT_TARGET = 10.7;
				SDKROOT = macosx;
			};
			name = Release;
		};
		905FB6EB14CB213500A3CCBF /* Debug */ = {
			isa = XCBuildConfiguration;
			buildSettings = {
				GCC_PRECOMPILE_PREFIX_HEADER = YES;
				GCC_PREFIX_HEADER = "CNURLShrinky/CNURLShrinky-Prefix.pch";
				MACOSX_DEPLOYMENT_TARGET = 10.6;
				OTHER_LDFLAGS = (
					"-ObjC",
					"-all_load",
				);
				PRODUCT_NAME = "$(TARGET_NAME)";
			};
			name = Debug;
		};
		905FB6EC14CB213500A3CCBF /* Release */ = {
			isa = XCBuildConfiguration;
			buildSettings = {
				GCC_PRECOMPILE_PREFIX_HEADER = YES;
				GCC_PREFIX_HEADER = "CNURLShrinky/CNURLShrinky-Prefix.pch";
				MACOSX_DEPLOYMENT_TARGET = 10.6;
				OTHER_LDFLAGS = (
					"-ObjC",
					"-all_load",
				);
				PRODUCT_NAME = "$(TARGET_NAME)";
			};
			name = Release;
		};
		905FB6EE14CB213500A3CCBF /* Debug */ = {
			isa = XCBuildConfiguration;
			buildSettings = {
				FRAMEWORK_SEARCH_PATHS = "$(DEVELOPER_LIBRARY_DIR)/Frameworks";
				GCC_PRECOMPILE_PREFIX_HEADER = YES;
				GCC_PREFIX_HEADER = "CNURLShrinky/CNURLShrinky-Prefix.pch";
				INFOPLIST_FILE = "CNURLShrinkyTests/CNURLShrinkyTests-Info.plist";
				PRODUCT_NAME = "$(TARGET_NAME)";
				WRAPPER_EXTENSION = octest;
			};
			name = Debug;
		};
		905FB6EF14CB213500A3CCBF /* Release */ = {
			isa = XCBuildConfiguration;
			buildSettings = {
				FRAMEWORK_SEARCH_PATHS = "$(DEVELOPER_LIBRARY_DIR)/Frameworks";
				GCC_PRECOMPILE_PREFIX_HEADER = YES;
				GCC_PREFIX_HEADER = "CNURLShrinky/CNURLShrinky-Prefix.pch";
				INFOPLIST_FILE = "CNURLShrinkyTests/CNURLShrinkyTests-Info.plist";
				PRODUCT_NAME = "$(TARGET_NAME)";
				WRAPPER_EXTENSION = octest;
			};
			name = Release;
		};
		905FB71A14CB21FA00A3CCBF /* Debug */ = {
			isa = XCBuildConfiguration;
			buildSettings = {
				ARCHS = "$(ARCHS_STANDARD_32_BIT)";
				DSTROOT = /tmp/CNURLShrinky_iOS.dst;
				GCC_PRECOMPILE_PREFIX_HEADER = YES;
				GCC_PREFIX_HEADER = "CNURLShrinky-iOS/CNURLShrinky-iOS-Prefix.pch";
				IPHONEOS_DEPLOYMENT_TARGET = 4.2;
				OTHER_LDFLAGS = "-ObjC";
				PRODUCT_NAME = "$(TARGET_NAME)";
				SDKROOT = iphoneos;
				SKIP_INSTALL = YES;
				TARGETED_DEVICE_FAMILY = "1,2";
			};
			name = Debug;
		};
		905FB71B14CB21FA00A3CCBF /* Release */ = {
			isa = XCBuildConfiguration;
			buildSettings = {
				ARCHS = "$(ARCHS_STANDARD_32_BIT)";
				DSTROOT = /tmp/CNURLShrinky_iOS.dst;
				GCC_PRECOMPILE_PREFIX_HEADER = YES;
				GCC_PREFIX_HEADER = "CNURLShrinky-iOS/CNURLShrinky-iOS-Prefix.pch";
				IPHONEOS_DEPLOYMENT_TARGET = 4.2;
				OTHER_LDFLAGS = "-ObjC";
				PRODUCT_NAME = "$(TARGET_NAME)";
				SDKROOT = iphoneos;
				SKIP_INSTALL = YES;
				TARGETED_DEVICE_FAMILY = "1,2";
				VALIDATE_PRODUCT = YES;
			};
			name = Release;
		};
		905FB71D14CB21FA00A3CCBF /* Debug */ = {
			isa = XCBuildConfiguration;
			buildSettings = {
				ARCHS = "$(ARCHS_STANDARD_32_BIT)";
				FRAMEWORK_SEARCH_PATHS = (
					"$(SDKROOT)/Developer/Library/Frameworks",
					"$(DEVELOPER_LIBRARY_DIR)/Frameworks",
				);
				GCC_PRECOMPILE_PREFIX_HEADER = YES;
				GCC_PREFIX_HEADER = "CNURLShrinky-iOS/CNURLShrinky-iOS-Prefix.pch";
				INFOPLIST_FILE = "CNURLShrinky-iOSTests/CNURLShrinky-iOSTests-Info.plist";
				IPHONEOS_DEPLOYMENT_TARGET = 5.0;
				PRODUCT_NAME = "$(TARGET_NAME)";
				SDKROOT = iphoneos;
				WRAPPER_EXTENSION = octest;
			};
			name = Debug;
		};
		905FB71E14CB21FA00A3CCBF /* Release */ = {
			isa = XCBuildConfiguration;
			buildSettings = {
				ARCHS = "$(ARCHS_STANDARD_32_BIT)";
				FRAMEWORK_SEARCH_PATHS = (
					"$(SDKROOT)/Developer/Library/Frameworks",
					"$(DEVELOPER_LIBRARY_DIR)/Frameworks",
				);
				GCC_PRECOMPILE_PREFIX_HEADER = YES;
				GCC_PREFIX_HEADER = "CNURLShrinky-iOS/CNURLShrinky-iOS-Prefix.pch";
				INFOPLIST_FILE = "CNURLShrinky-iOSTests/CNURLShrinky-iOSTests-Info.plist";
				IPHONEOS_DEPLOYMENT_TARGET = 5.0;
				PRODUCT_NAME = "$(TARGET_NAME)";
				SDKROOT = iphoneos;
				VALIDATE_PRODUCT = YES;
				WRAPPER_EXTENSION = octest;
			};
			name = Release;
		};
/* End XCBuildConfiguration section */

/* Begin XCConfigurationList section */
		905FB6BE14CB213400A3CCBF /* Build configuration list for PBXProject "CNURLShrinky" */ = {
			isa = XCConfigurationList;
			buildConfigurations = (
				905FB6E814CB213500A3CCBF /* Debug */,
				905FB6E914CB213500A3CCBF /* Release */,
			);
			defaultConfigurationIsVisible = 0;
			defaultConfigurationName = Release;
		};
		905FB6EA14CB213500A3CCBF /* Build configuration list for PBXNativeTarget "CNURLShrinky" */ = {
			isa = XCConfigurationList;
			buildConfigurations = (
				905FB6EB14CB213500A3CCBF /* Debug */,
				905FB6EC14CB213500A3CCBF /* Release */,
			);
			defaultConfigurationIsVisible = 0;
			defaultConfigurationName = Release;
		};
		905FB6ED14CB213500A3CCBF /* Build configuration list for PBXNativeTarget "CNURLShrinkyTests" */ = {
			isa = XCConfigurationList;
			buildConfigurations = (
				905FB6EE14CB213500A3CCBF /* Debug */,
				905FB6EF14CB213500A3CCBF /* Release */,
			);
			defaultConfigurationIsVisible = 0;
			defaultConfigurationName = Release;
		};
		905FB71914CB21FA00A3CCBF /* Build configuration list for PBXNativeTarget "CNURLShrinky-iOS" */ = {
			isa = XCConfigurationList;
			buildConfigurations = (
				905FB71A14CB21FA00A3CCBF /* Debug */,
				905FB71B14CB21FA00A3CCBF /* Release */,
			);
			defaultConfigurationIsVisible = 0;
		};
		905FB71C14CB21FA00A3CCBF /* Build configuration list for PBXNativeTarget "CNURLShrinky-iOSTests" */ = {
			isa = XCConfigurationList;
			buildConfigurations = (
				905FB71D14CB21FA00A3CCBF /* Debug */,
				905FB71E14CB21FA00A3CCBF /* Release */,
			);
			defaultConfigurationIsVisible = 0;
		};
/* End XCConfigurationList section */
	};
	rootObject = 905FB6BB14CB213400A3CCBF /* Project object */;
}
